
Microsoft Visual Studio Solution File, Format Version 12.00
# Visual Studio 2013
VisualStudioVersion = 12.0.20827.3
MinimumVisualStudioVersion = 10.0.40219.1
Project("{F2A71F9B-5D33-465A-A702-920D77279786}") = "TitanSpikes", "TitanSpikes\TitanSpikes.fsproj", "{DF933ABF-1832-4870-9309-6D2876AFC9E5}"
EndProject
Project("{FAE04EC0-301F-11D3-BF4B-00C04F79EFBC}") = "IntelIPP", "..\..\..\FlexiPhys\IntelIPP\IntelIPP.csproj", "{C59509FA-DE51-4CC5-8CAD-32EE4C61848B}"
EndProject
Project("{FAE04EC0-301F-11D3-BF4B-00C04F79EFBC}") = "D3DPlot", "..\..\..\FlexiPhys\D3DPlot\D3DPlot.csproj", "{26232ADD-2DA4-43CD-BE50-34A319BBFFB8}"
EndProject
Project("{FAE04EC0-301F-11D3-BF4B-00C04F79EFBC}") = "D3DPlot2D", "..\..\..\FlexiPhys\D3DPlot2D\D3DPlot2D.csproj", "{D31F3E46-8E99-4F73-852A-8D4FC6F9E888}"
EndProject
Project("{FAE04EC0-301F-11D3-BF4B-00C04F79EFBC}") = "RPCommon", "..\..\..\FlexiPhys\RPCommon\RPCommon.csproj", "{5298C914-37D4-4300-9241-A7F9A7AA8A5C}"
EndProject
Global
	GlobalSection(SolutionConfigurationPlatforms) = preSolution
		Debug|Any CPU = Debug|Any CPU
		Debug|x64 = Debug|x64
		Debug|x86 = Debug|x86
		Debug-4.0|Any CPU = Debug-4.0|Any CPU
		Debug-4.0|x64 = Debug-4.0|x64
		Debug-4.0|x86 = Debug-4.0|x86
		Public-4.0|Any CPU = Public-4.0|Any CPU
		Public-4.0|x64 = Public-4.0|x64
		Public-4.0|x86 = Public-4.0|x86
		Release|Any CPU = Release|Any CPU
		Release|x64 = Release|x64
		Release|x86 = Release|x86
		Release-4.0|Any CPU = Release-4.0|Any CPU
		Release-4.0|x64 = Release-4.0|x64
		Release-4.0|x86 = Release-4.0|x86
	EndGlobalSection
	GlobalSection(ProjectConfigurationPlatforms) = postSolution
		{DF933ABF-1832-4870-9309-6D2876AFC9E5}.Debug|Any CPU.ActiveCfg = Debug|Any CPU
		{DF933ABF-1832-4870-9309-6D2876AFC9E5}.Debug|Any CPU.Build.0 = Debug|Any CPU
		{DF933ABF-1832-4870-9309-6D2876AFC9E5}.Debug|x64.ActiveCfg = Debug|x64
		{DF933ABF-1832-4870-9309-6D2876AFC9E5}.Debug|x64.Build.0 = Debug|x64
		{DF933ABF-1832-4870-9309-6D2876AFC9E5}.Debug|x86.ActiveCfg = Debug|Any CPU
		{DF933ABF-1832-4870-9309-6D2876AFC9E5}.Debug-4.0|Any CPU.ActiveCfg = Debug|Any CPU
		{DF933ABF-1832-4870-9309-6D2876AFC9E5}.Debug-4.0|Any CPU.Build.0 = Debug|Any CPU
		{DF933ABF-1832-4870-9309-6D2876AFC9E5}.Debug-4.0|x64.ActiveCfg = Debug|Any CPU
		{DF933ABF-1832-4870-9309-6D2876AFC9E5}.Debug-4.0|x86.ActiveCfg = Debug|Any CPU
		{DF933ABF-1832-4870-9309-6D2876AFC9E5}.Public-4.0|Any CPU.ActiveCfg = Release|Any CPU
		{DF933ABF-1832-4870-9309-6D2876AFC9E5}.Public-4.0|Any CPU.Build.0 = Release|Any CPU
		{DF933ABF-1832-4870-9309-6D2876AFC9E5}.Public-4.0|x64.ActiveCfg = Release|Any CPU
		{DF933ABF-1832-4870-9309-6D2876AFC9E5}.Public-4.0|x86.ActiveCfg = Release|Any CPU
		{DF933ABF-1832-4870-9309-6D2876AFC9E5}.Release|Any CPU.ActiveCfg = Release|Any CPU
		{DF933ABF-1832-4870-9309-6D2876AFC9E5}.Release|Any CPU.Build.0 = Release|Any CPU
		{DF933ABF-1832-4870-9309-6D2876AFC9E5}.Release|x64.ActiveCfg = Release|x64
		{DF933ABF-1832-4870-9309-6D2876AFC9E5}.Release|x64.Build.0 = Release|x64
		{DF933ABF-1832-4870-9309-6D2876AFC9E5}.Release|x86.ActiveCfg = Release|Any CPU
		{DF933ABF-1832-4870-9309-6D2876AFC9E5}.Release-4.0|Any CPU.ActiveCfg = Release|Any CPU
		{DF933ABF-1832-4870-9309-6D2876AFC9E5}.Release-4.0|Any CPU.Build.0 = Release|Any CPU
		{DF933ABF-1832-4870-9309-6D2876AFC9E5}.Release-4.0|x64.ActiveCfg = Release|Any CPU
		{DF933ABF-1832-4870-9309-6D2876AFC9E5}.Release-4.0|x86.ActiveCfg = Release|Any CPU
		{C59509FA-DE51-4CC5-8CAD-32EE4C61848B}.Debug|Any CPU.ActiveCfg = Debug|Any CPU
		{C59509FA-DE51-4CC5-8CAD-32EE4C61848B}.Debug|Any CPU.Build.0 = Debug|Any CPU
		{C59509FA-DE51-4CC5-8CAD-32EE4C61848B}.Debug|x64.ActiveCfg = Debug|x64
		{C59509FA-DE51-4CC5-8CAD-32EE4C61848B}.Debug|x64.Build.0 = Debug|x64
		{C59509FA-DE51-4CC5-8CAD-32EE4C61848B}.Debug|x86.ActiveCfg = Debug|Any CPU
		{C59509FA-DE51-4CC5-8CAD-32EE4C61848B}.Debug-4.0|Any CPU.ActiveCfg = Debug|Any CPU
		{C59509FA-DE51-4CC5-8CAD-32EE4C61848B}.Debug-4.0|Any CPU.Build.0 = Debug|Any CPU
		{C59509FA-DE51-4CC5-8CAD-32EE4C61848B}.Debug-4.0|x64.ActiveCfg = Debug|x64
		{C59509FA-DE51-4CC5-8CAD-32EE4C61848B}.Debug-4.0|x64.Build.0 = Debug|x64
		{C59509FA-DE51-4CC5-8CAD-32EE4C61848B}.Debug-4.0|x86.ActiveCfg = Debug|Any CPU
		{C59509FA-DE51-4CC5-8CAD-32EE4C61848B}.Public-4.0|Any CPU.ActiveCfg = Release|Any CPU
		{C59509FA-DE51-4CC5-8CAD-32EE4C61848B}.Public-4.0|Any CPU.Build.0 = Release|Any CPU
		{C59509FA-DE51-4CC5-8CAD-32EE4C61848B}.Public-4.0|x64.ActiveCfg = Release|x64
		{C59509FA-DE51-4CC5-8CAD-32EE4C61848B}.Public-4.0|x64.Build.0 = Release|x64
		{C59509FA-DE51-4CC5-8CAD-32EE4C61848B}.Public-4.0|x86.ActiveCfg = Release|Any CPU
		{C59509FA-DE51-4CC5-8CAD-32EE4C61848B}.Release|Any CPU.ActiveCfg = Release|Any CPU
		{C59509FA-DE51-4CC5-8CAD-32EE4C61848B}.Release|Any CPU.Build.0 = Release|Any CPU
		{C59509FA-DE51-4CC5-8CAD-32EE4C61848B}.Release|x64.ActiveCfg = Release|x64
		{C59509FA-DE51-4CC5-8CAD-32EE4C61848B}.Release|x64.Build.0 = Release|x64
		{C59509FA-DE51-4CC5-8CAD-32EE4C61848B}.Release|x86.ActiveCfg = Release|Any CPU
		{C59509FA-DE51-4CC5-8CAD-32EE4C61848B}.Release-4.0|Any CPU.ActiveCfg = Release|Any CPU
		{C59509FA-DE51-4CC5-8CAD-32EE4C61848B}.Release-4.0|Any CPU.Build.0 = Release|Any CPU
		{C59509FA-DE51-4CC5-8CAD-32EE4C61848B}.Release-4.0|x64.ActiveCfg = Release|x64
		{C59509FA-DE51-4CC5-8CAD-32EE4C61848B}.Release-4.0|x64.Build.0 = Release|x64
		{C59509FA-DE51-4CC5-8CAD-32EE4C61848B}.Release-4.0|x86.ActiveCfg = Release|Any CPU
		{26232ADD-2DA4-43CD-BE50-34A319BBFFB8}.Debug|Any CPU.ActiveCfg = Debug|Any CPU
		{26232ADD-2DA4-43CD-BE50-34A319BBFFB8}.Debug|Any CPU.Build.0 = Debug|Any CPU
		{26232ADD-2DA4-43CD-BE50-34A319BBFFB8}.Debug|x64.ActiveCfg = Debug|x64
		{26232ADD-2DA4-43CD-BE50-34A319BBFFB8}.Debug|x64.Build.0 = Debug|x64
		{26232ADD-2DA4-43CD-BE50-34A319BBFFB8}.Debug|x86.ActiveCfg = Debug|x86
		{26232ADD-2DA4-43CD-BE50-34A319BBFFB8}.Debug|x86.Build.0 = Debug|x86
		{26232ADD-2DA4-43CD-BE50-34A319BBFFB8}.Debug-4.0|Any CPU.ActiveCfg = Debug-4.0|Any CPU
		{26232ADD-2DA4-43CD-BE50-34A319BBFFB8}.Debug-4.0|Any CPU.Build.0 = Debug-4.0|Any CPU
		{26232ADD-2DA4-43CD-BE50-34A319BBFFB8}.Debug-4.0|x64.ActiveCfg = Debug-4.0|x64
		{26232ADD-2DA4-43CD-BE50-34A319BBFFB8}.Debug-4.0|x64.Build.0 = Debug-4.0|x64
		{26232ADD-2DA4-43CD-BE50-34A319BBFFB8}.Debug-4.0|x86.ActiveCfg = Debug-4.0|x86
		{26232ADD-2DA4-43CD-BE50-34A319BBFFB8}.Debug-4.0|x86.Build.0 = Debug-4.0|x86
		{26232ADD-2DA4-43CD-BE50-34A319BBFFB8}.Public-4.0|Any CPU.ActiveCfg = Public-4.0|Any CPU
		{26232ADD-2DA4-43CD-BE50-34A319BBFFB8}.Public-4.0|Any CPU.Build.0 = Public-4.0|Any CPU
		{26232ADD-2DA4-43CD-BE50-34A319BBFFB8}.Public-4.0|x64.ActiveCfg = Public-4.0|x64
		{26232ADD-2DA4-43CD-BE50-34A319BBFFB8}.Public-4.0|x64.Build.0 = Public-4.0|x64
		{26232ADD-2DA4-43CD-BE50-34A319BBFFB8}.Public-4.0|x86.ActiveCfg = Public-4.0|x86
		{26232ADD-2DA4-43CD-BE50-34A319BBFFB8}.Public-4.0|x86.Build.0 = Public-4.0|x86
		{26232ADD-2DA4-43CD-BE50-34A319BBFFB8}.Release|Any CPU.ActiveCfg = Release|Any CPU
		{26232ADD-2DA4-43CD-BE50-34A319BBFFB8}.Release|Any CPU.Build.0 = Release|Any CPU
		{26232ADD-2DA4-43CD-BE50-34A319BBFFB8}.Release|x64.ActiveCfg = Release|x64
		{26232ADD-2DA4-43CD-BE50-34A319BBFFB8}.Release|x64.Build.0 = Release|x64
		{26232ADD-2DA4-43CD-BE50-34A319BBFFB8}.Release|x86.ActiveCfg = Release|x86
		{26232ADD-2DA4-43CD-BE50-34A319BBFFB8}.Release|x86.Build.0 = Release|x86
		{26232ADD-2DA4-43CD-BE50-34A319BBFFB8}.Release-4.0|Any CPU.ActiveCfg = Release-4.0|Any CPU
		{26232ADD-2DA4-43CD-BE50-34A319BBFFB8}.Release-4.0|Any CPU.Build.0 = Release-4.0|Any CPU
		{26232ADD-2DA4-43CD-BE50-34A319BBFFB8}.Release-4.0|x64.ActiveCfg = Release-4.0|x64
		{26232ADD-2DA4-43CD-BE50-34A319BBFFB8}.Release-4.0|x64.Build.0 = Release-4.0|x64
		{26232ADD-2DA4-43CD-BE50-34A319BBFFB8}.Release-4.0|x86.ActiveCfg = Release-4.0|x86
		{26232ADD-2DA4-43CD-BE50-34A319BBFFB8}.Release-4.0|x86.Build.0 = Release-4.0|x86
		{D31F3E46-8E99-4F73-852A-8D4FC6F9E888}.Debug|Any CPU.ActiveCfg = Debug|Any CPU
		{D31F3E46-8E99-4F73-852A-8D4FC6F9E888}.Debug|Any CPU.Build.0 = Debug|Any CPU
		{D31F3E46-8E99-4F73-852A-8D4FC6F9E888}.Debug|x64.ActiveCfg = Debug|x64
		{D31F3E46-8E99-4F73-852A-8D4FC6F9E888}.Debug|x64.Build.0 = Debug|x64
		{D31F3E46-8E99-4F73-852A-8D4FC6F9E888}.Debug|x86.ActiveCfg = Debug|Any CPU
		{D31F3E46-8E99-4F73-852A-8D4FC6F9E888}.Debug-4.0|Any CPU.ActiveCfg = Debug|Any CPU
		{D31F3E46-8E99-4F73-852A-8D4FC6F9E888}.Debug-4.0|Any CPU.Build.0 = Debug|Any CPU
		{D31F3E46-8E99-4F73-852A-8D4FC6F9E888}.Debug-4.0|x64.ActiveCfg = Debug|x64
		{D31F3E46-8E99-4F73-852A-8D4FC6F9E888}.Debug-4.0|x64.Build.0 = Debug|x64
		{D31F3E46-8E99-4F73-852A-8D4FC6F9E888}.Debug-4.0|x86.ActiveCfg = Debug|Any CPU
		{D31F3E46-8E99-4F73-852A-8D4FC6F9E888}.Public-4.0|Any CPU.ActiveCfg = Release|Any CPU
		{D31F3E46-8E99-4F73-852A-8D4FC6F9E888}.Public-4.0|Any CPU.Build.0 = Release|Any CPU
		{D31F3E46-8E99-4F73-852A-8D4FC6F9E888}.Public-4.0|x64.ActiveCfg = Release|x64
		{D31F3E46-8E99-4F73-852A-8D4FC6F9E888}.Public-4.0|x64.Build.0 = Release|x64
		{D31F3E46-8E99-4F73-852A-8D4FC6F9E888}.Public-4.0|x86.ActiveCfg = Release|Any CPU
		{D31F3E46-8E99-4F73-852A-8D4FC6F9E888}.Release|Any CPU.ActiveCfg = Release|Any CPU
		{D31F3E46-8E99-4F73-852A-8D4FC6F9E888}.Release|Any CPU.Build.0 = Release|Any CPU
		{D31F3E46-8E99-4F73-852A-8D4FC6F9E888}.Release|x64.ActiveCfg = Release|x64
		{D31F3E46-8E99-4F73-852A-8D4FC6F9E888}.Release|x64.Build.0 = Release|x64
		{D31F3E46-8E99-4F73-852A-8D4FC6F9E888}.Release|x86.ActiveCfg = Release|Any CPU
		{D31F3E46-8E99-4F73-852A-8D4FC6F9E888}.Release-4.0|Any CPU.ActiveCfg = Release|Any CPU
		{D31F3E46-8E99-4F73-852A-8D4FC6F9E888}.Release-4.0|Any CPU.Build.0 = Release|Any CPU
		{D31F3E46-8E99-4F73-852A-8D4FC6F9E888}.Release-4.0|x64.ActiveCfg = Release|x64
		{D31F3E46-8E99-4F73-852A-8D4FC6F9E888}.Release-4.0|x64.Build.0 = Release|x64
		{D31F3E46-8E99-4F73-852A-8D4FC6F9E888}.Release-4.0|x86.ActiveCfg = Release|Any CPU
		{5298C914-37D4-4300-9241-A7F9A7AA8A5C}.Debug|Any CPU.ActiveCfg = Debug|Any CPU
		{5298C914-37D4-4300-9241-A7F9A7AA8A5C}.Debug|Any CPU.Build.0 = Debug|Any CPU
		{5298C914-37D4-4300-9241-A7F9A7AA8A5C}.Debug|x64.ActiveCfg = Debug|x64
		{5298C914-37D4-4300-9241-A7F9A7AA8A5C}.Debug|x64.Build.0 = Debug|x64
		{5298C914-37D4-4300-9241-A7F9A7AA8A5C}.Debug|x86.ActiveCfg = Debug|Any CPU
		{5298C914-37D4-4300-9241-A7F9A7AA8A5C}.Debug-4.0|Any CPU.ActiveCfg = Debug|Any CPU
		{5298C914-37D4-4300-9241-A7F9A7AA8A5C}.Debug-4.0|Any CPU.Build.0 = Debug|Any CPU
		{5298C914-37D4-4300-9241-A7F9A7AA8A5C}.Debug-4.0|x64.ActiveCfg = Debug|x64
		{5298C914-37D4-4300-9241-A7F9A7AA8A5C}.Debug-4.0|x64.Build.0 = Debug|x64
		{5298C914-37D4-4300-9241-A7F9A7AA8A5C}.Debug-4.0|x86.ActiveCfg = Debug|Any CPU
		{5298C914-37D4-4300-9241-A7F9A7AA8A5C}.Public-4.0|Any CPU.ActiveCfg = Release|Any CPU
		{5298C914-37D4-4300-9241-A7F9A7AA8A5C}.Public-4.0|Any CPU.Build.0 = Release|Any CPU
		{5298C914-37D4-4300-9241-A7F9A7AA8A5C}.Public-4.0|x64.ActiveCfg = Release|x64
		{5298C914-37D4-4300-9241-A7F9A7AA8A5C}.Public-4.0|x64.Build.0 = Release|x64
		{5298C914-37D4-4300-9241-A7F9A7AA8A5C}.Public-4.0|x86.ActiveCfg = Release|Any CPU
		{5298C914-37D4-4300-9241-A7F9A7AA8A5C}.Release|Any CPU.ActiveCfg = Release|Any CPU
		{5298C914-37D4-4300-9241-A7F9A7AA8A5C}.Release|Any CPU.Build.0 = Release|Any CPU
		{5298C914-37D4-4300-9241-A7F9A7AA8A5C}.Release|x64.ActiveCfg = Release|x64
		{5298C914-37D4-4300-9241-A7F9A7AA8A5C}.Release|x64.Build.0 = Release|x64
		{5298C914-37D4-4300-9241-A7F9A7AA8A5C}.Release|x86.ActiveCfg = Release|Any CPU
		{5298C914-37D4-4300-9241-A7F9A7AA8A5C}.Release-4.0|Any CPU.ActiveCfg = Release|Any CPU
		{5298C914-37D4-4300-9241-A7F9A7AA8A5C}.Release-4.0|Any CPU.Build.0 = Release|Any CPU
		{5298C914-37D4-4300-9241-A7F9A7AA8A5C}.Release-4.0|x64.ActiveCfg = Release|x64
		{5298C914-37D4-4300-9241-A7F9A7AA8A5C}.Release-4.0|x64.Build.0 = Release|x64
		{5298C914-37D4-4300-9241-A7F9A7AA8A5C}.Release-4.0|x86.ActiveCfg = Release|Any CPU
	EndGlobalSection
	GlobalSection(SolutionProperties) = preSolution
		HideSolutionNode = FALSE
	EndGlobalSection
EndGlobal
