
Microsoft Visual Studio Solution File, Format Version 12.00
# Visual Studio 2013
VisualStudioVersion = 12.0.31101.0
MinimumVisualStudioVersion = 10.0.40219.1
Project("{F2A71F9B-5D33-465A-A702-920D77279786}") = "TitanSpikes", "TitanSpikes\TitanSpikes.fsproj", "{DF933ABF-1832-4870-9309-6D2876AFC9E5}"
EndProject
Project("{FAE04EC0-301F-11D3-BF4B-00C04F79EFBC}") = "D3DPlot", "..\..\..\FlexiPhys\D3DPlot\D3DPlot.csproj", "{26232ADD-2DA4-43CD-BE50-34A319BBFFB8}"
EndProject
Project("{FAE04EC0-301F-11D3-BF4B-00C04F79EFBC}") = "D3DPlot2D", "..\..\..\FlexiPhys\D3DPlot2D\D3DPlot2D.csproj", "{D31F3E46-8E99-4F73-852A-8D4FC6F9E888}"
EndProject
Project("{FAE04EC0-301F-11D3-BF4B-00C04F79EFBC}") = "RPCommon", "..\..\..\FlexiPhys\RPCommon\RPCommon.csproj", "{5298C914-37D4-4300-9241-A7F9A7AA8A5C}"
EndProject
Project("{FAE04EC0-301F-11D3-BF4B-00C04F79EFBC}") = "D3DOscilloscope", "..\..\..\FlexiPhys\D3DOscilloscope\D3DOscilloscope.csproj", "{E8394B0E-9774-4F34-9FB2-0D243C5D1AD7}"
EndProject
Project("{FAE04EC0-301F-11D3-BF4B-00C04F79EFBC}") = "IntelIPP", "..\..\..\FlexiPhys\IntelIPP\IntelIPP.csproj", "{C59509FA-DE51-4CC5-8CAD-32EE4C61848B}"
EndProject
Project("{F2A71F9B-5D33-465A-A702-920D77279786}") = "SnippetMaster", "..\TitanSpikeSnippeter\SnippetMaster\SnippetMaster.fsproj", "{E9CD0272-0C95-4042-BC61-1B1A99BEF9BE}"
EndProject
Project("{F2A71F9B-5D33-465A-A702-920D77279786}") = "TitanSpikeClusterer", "..\TitanSpikeClusterer\TitanSpikeClusterer\TitanSpikeClusterer.fsproj", "{B34F999C-E43A-4A4D-AB9C-A6F76787DF2F}"
EndProject
Project("{F2A71F9B-5D33-465A-A702-920D77279786}") = "ZMQMapReduce", "..\ZMQMapReduce\ZMQMapReduce.fsproj", "{76CAB3DD-6B22-4A98-B3DF-25879D905A56}"
EndProject
Project("{F2A71F9B-5D33-465A-A702-920D77279786}") = "FsPickler", "..\FsPickler\FsPickler.fsproj", "{3AD987BF-F0FA-40BD-9DAE-4AF3A5FE9CC7}"
EndProject
Project("{F2A71F9B-5D33-465A-A702-920D77279786}") = "VideoAlignment", "..\VideoAlignment\VideoAlignment.fsproj", "{4217E260-2F8B-4B58-8326-7C138F14070F}"
EndProject
Project("{F2A71F9B-5D33-465A-A702-920D77279786}") = "ZMQRPC", "..\ZMQRPC\ZMQRPC\ZMQRPC.fsproj", "{5215654C-1325-4896-8248-2043ECC2629B}"
EndProject
Project("{FAE04EC0-301F-11D3-BF4B-00C04F79EFBC}") = "GLPK", "..\GLPK\GLPK\GLPK.csproj", "{A730E43C-E9DD-47CE-8887-DA945A165EC1}"
EndProject
Project("{F2A71F9B-5D33-465A-A702-920D77279786}") = "TitanSpikesBehavior", "TitanSpikesBehavior\TitanSpikesBehavior.fsproj", "{97D21994-251D-4194-AF71-82C68C8C29B5}"
EndProject
Project("{F2A71F9B-5D33-465A-A702-920D77279786}") = "TitanPlotter", "..\TitanPlotter\TitanPlotter.fsproj", "{F4361CCC-8E4F-484A-9D1D-C00DA55D8BC7}"
EndProject
Global
	GlobalSection(SolutionConfigurationPlatforms) = preSolution
		Debug|Any CPU = Debug|Any CPU
		Debug|Mixed Platforms = Debug|Mixed Platforms
		Debug|x64 = Debug|x64
		Debug|x86 = Debug|x86
		Debug-4.0|Any CPU = Debug-4.0|Any CPU
		Debug-4.0|Mixed Platforms = Debug-4.0|Mixed Platforms
		Debug-4.0|x64 = Debug-4.0|x64
		Debug-4.0|x86 = Debug-4.0|x86
		PerfTests|Any CPU = PerfTests|Any CPU
		PerfTests|Mixed Platforms = PerfTests|Mixed Platforms
		PerfTests|x64 = PerfTests|x64
		PerfTests|x86 = PerfTests|x86
		Public-4.0|Any CPU = Public-4.0|Any CPU
		Public-4.0|Mixed Platforms = Public-4.0|Mixed Platforms
		Public-4.0|x64 = Public-4.0|x64
		Public-4.0|x86 = Public-4.0|x86
		Release|Any CPU = Release|Any CPU
		Release|Mixed Platforms = Release|Mixed Platforms
		Release|x64 = Release|x64
		Release|x86 = Release|x86
		Release-4.0|Any CPU = Release-4.0|Any CPU
		Release-4.0|Mixed Platforms = Release-4.0|Mixed Platforms
		Release-4.0|x64 = Release-4.0|x64
		Release-4.0|x86 = Release-4.0|x86
	EndGlobalSection
	GlobalSection(ProjectConfigurationPlatforms) = postSolution
		{DF933ABF-1832-4870-9309-6D2876AFC9E5}.Debug|Any CPU.ActiveCfg = Debug|Any CPU
		{DF933ABF-1832-4870-9309-6D2876AFC9E5}.Debug|Any CPU.Build.0 = Debug|Any CPU
		{DF933ABF-1832-4870-9309-6D2876AFC9E5}.Debug|Mixed Platforms.ActiveCfg = Debug|Any CPU
		{DF933ABF-1832-4870-9309-6D2876AFC9E5}.Debug|Mixed Platforms.Build.0 = Debug|Any CPU
		{DF933ABF-1832-4870-9309-6D2876AFC9E5}.Debug|x64.ActiveCfg = Debug|x64
		{DF933ABF-1832-4870-9309-6D2876AFC9E5}.Debug|x64.Build.0 = Debug|x64
		{DF933ABF-1832-4870-9309-6D2876AFC9E5}.Debug|x86.ActiveCfg = Debug|Any CPU
		{DF933ABF-1832-4870-9309-6D2876AFC9E5}.Debug-4.0|Any CPU.ActiveCfg = Debug|Any CPU
		{DF933ABF-1832-4870-9309-6D2876AFC9E5}.Debug-4.0|Any CPU.Build.0 = Debug|Any CPU
		{DF933ABF-1832-4870-9309-6D2876AFC9E5}.Debug-4.0|Mixed Platforms.ActiveCfg = Debug|Any CPU
		{DF933ABF-1832-4870-9309-6D2876AFC9E5}.Debug-4.0|Mixed Platforms.Build.0 = Debug|Any CPU
		{DF933ABF-1832-4870-9309-6D2876AFC9E5}.Debug-4.0|x64.ActiveCfg = Debug|Any CPU
		{DF933ABF-1832-4870-9309-6D2876AFC9E5}.Debug-4.0|x86.ActiveCfg = Debug|Any CPU
		{DF933ABF-1832-4870-9309-6D2876AFC9E5}.PerfTests|Any CPU.ActiveCfg = Release|Any CPU
		{DF933ABF-1832-4870-9309-6D2876AFC9E5}.PerfTests|Any CPU.Build.0 = Release|Any CPU
		{DF933ABF-1832-4870-9309-6D2876AFC9E5}.PerfTests|Mixed Platforms.ActiveCfg = Release|Any CPU
		{DF933ABF-1832-4870-9309-6D2876AFC9E5}.PerfTests|Mixed Platforms.Build.0 = Release|Any CPU
		{DF933ABF-1832-4870-9309-6D2876AFC9E5}.PerfTests|x64.ActiveCfg = Release|x64
		{DF933ABF-1832-4870-9309-6D2876AFC9E5}.PerfTests|x64.Build.0 = Release|x64
		{DF933ABF-1832-4870-9309-6D2876AFC9E5}.PerfTests|x86.ActiveCfg = Release|Any CPU
		{DF933ABF-1832-4870-9309-6D2876AFC9E5}.Public-4.0|Any CPU.ActiveCfg = Release|Any CPU
		{DF933ABF-1832-4870-9309-6D2876AFC9E5}.Public-4.0|Any CPU.Build.0 = Release|Any CPU
		{DF933ABF-1832-4870-9309-6D2876AFC9E5}.Public-4.0|Mixed Platforms.ActiveCfg = Release|Any CPU
		{DF933ABF-1832-4870-9309-6D2876AFC9E5}.Public-4.0|Mixed Platforms.Build.0 = Release|Any CPU
		{DF933ABF-1832-4870-9309-6D2876AFC9E5}.Public-4.0|x64.ActiveCfg = Release|Any CPU
		{DF933ABF-1832-4870-9309-6D2876AFC9E5}.Public-4.0|x86.ActiveCfg = Release|Any CPU
		{DF933ABF-1832-4870-9309-6D2876AFC9E5}.Release|Any CPU.ActiveCfg = Release|Any CPU
		{DF933ABF-1832-4870-9309-6D2876AFC9E5}.Release|Any CPU.Build.0 = Release|Any CPU
		{DF933ABF-1832-4870-9309-6D2876AFC9E5}.Release|Mixed Platforms.ActiveCfg = Release|Any CPU
		{DF933ABF-1832-4870-9309-6D2876AFC9E5}.Release|Mixed Platforms.Build.0 = Release|Any CPU
		{DF933ABF-1832-4870-9309-6D2876AFC9E5}.Release|x64.ActiveCfg = Release|x64
		{DF933ABF-1832-4870-9309-6D2876AFC9E5}.Release|x64.Build.0 = Release|x64
		{DF933ABF-1832-4870-9309-6D2876AFC9E5}.Release|x86.ActiveCfg = Release|Any CPU
		{DF933ABF-1832-4870-9309-6D2876AFC9E5}.Release-4.0|Any CPU.ActiveCfg = Release|Any CPU
		{DF933ABF-1832-4870-9309-6D2876AFC9E5}.Release-4.0|Any CPU.Build.0 = Release|Any CPU
		{DF933ABF-1832-4870-9309-6D2876AFC9E5}.Release-4.0|Mixed Platforms.ActiveCfg = Release|Any CPU
		{DF933ABF-1832-4870-9309-6D2876AFC9E5}.Release-4.0|Mixed Platforms.Build.0 = Release|Any CPU
		{DF933ABF-1832-4870-9309-6D2876AFC9E5}.Release-4.0|x64.ActiveCfg = Release|Any CPU
		{DF933ABF-1832-4870-9309-6D2876AFC9E5}.Release-4.0|x64.Build.0 = Release|Any CPU
		{DF933ABF-1832-4870-9309-6D2876AFC9E5}.Release-4.0|x86.ActiveCfg = Release|Any CPU
		{26232ADD-2DA4-43CD-BE50-34A319BBFFB8}.Debug|Any CPU.ActiveCfg = Debug|Any CPU
		{26232ADD-2DA4-43CD-BE50-34A319BBFFB8}.Debug|Any CPU.Build.0 = Debug|Any CPU
		{26232ADD-2DA4-43CD-BE50-34A319BBFFB8}.Debug|Mixed Platforms.ActiveCfg = Debug|x86
		{26232ADD-2DA4-43CD-BE50-34A319BBFFB8}.Debug|Mixed Platforms.Build.0 = Debug|x86
		{26232ADD-2DA4-43CD-BE50-34A319BBFFB8}.Debug|x64.ActiveCfg = Debug|x64
		{26232ADD-2DA4-43CD-BE50-34A319BBFFB8}.Debug|x64.Build.0 = Debug|x64
		{26232ADD-2DA4-43CD-BE50-34A319BBFFB8}.Debug|x86.ActiveCfg = Debug|x86
		{26232ADD-2DA4-43CD-BE50-34A319BBFFB8}.Debug|x86.Build.0 = Debug|x86
		{26232ADD-2DA4-43CD-BE50-34A319BBFFB8}.Debug-4.0|Any CPU.ActiveCfg = Debug-4.0|Any CPU
		{26232ADD-2DA4-43CD-BE50-34A319BBFFB8}.Debug-4.0|Any CPU.Build.0 = Debug-4.0|Any CPU
		{26232ADD-2DA4-43CD-BE50-34A319BBFFB8}.Debug-4.0|Mixed Platforms.ActiveCfg = Debug-4.0|x86
		{26232ADD-2DA4-43CD-BE50-34A319BBFFB8}.Debug-4.0|Mixed Platforms.Build.0 = Debug-4.0|x86
		{26232ADD-2DA4-43CD-BE50-34A319BBFFB8}.Debug-4.0|x64.ActiveCfg = Debug-4.0|x64
		{26232ADD-2DA4-43CD-BE50-34A319BBFFB8}.Debug-4.0|x64.Build.0 = Debug-4.0|x64
		{26232ADD-2DA4-43CD-BE50-34A319BBFFB8}.Debug-4.0|x86.ActiveCfg = Debug-4.0|x86
		{26232ADD-2DA4-43CD-BE50-34A319BBFFB8}.Debug-4.0|x86.Build.0 = Debug-4.0|x86
		{26232ADD-2DA4-43CD-BE50-34A319BBFFB8}.PerfTests|Any CPU.ActiveCfg = Public-4.0|Any CPU
		{26232ADD-2DA4-43CD-BE50-34A319BBFFB8}.PerfTests|Any CPU.Build.0 = Public-4.0|Any CPU
		{26232ADD-2DA4-43CD-BE50-34A319BBFFB8}.PerfTests|Mixed Platforms.ActiveCfg = Public-4.0|x86
		{26232ADD-2DA4-43CD-BE50-34A319BBFFB8}.PerfTests|Mixed Platforms.Build.0 = Public-4.0|x86
		{26232ADD-2DA4-43CD-BE50-34A319BBFFB8}.PerfTests|x64.ActiveCfg = Public-4.0|x64
		{26232ADD-2DA4-43CD-BE50-34A319BBFFB8}.PerfTests|x64.Build.0 = Public-4.0|x64
		{26232ADD-2DA4-43CD-BE50-34A319BBFFB8}.PerfTests|x86.ActiveCfg = Public-4.0|x86
		{26232ADD-2DA4-43CD-BE50-34A319BBFFB8}.PerfTests|x86.Build.0 = Public-4.0|x86
		{26232ADD-2DA4-43CD-BE50-34A319BBFFB8}.Public-4.0|Any CPU.ActiveCfg = Public-4.0|Any CPU
		{26232ADD-2DA4-43CD-BE50-34A319BBFFB8}.Public-4.0|Any CPU.Build.0 = Public-4.0|Any CPU
		{26232ADD-2DA4-43CD-BE50-34A319BBFFB8}.Public-4.0|Mixed Platforms.ActiveCfg = Public-4.0|x86
		{26232ADD-2DA4-43CD-BE50-34A319BBFFB8}.Public-4.0|Mixed Platforms.Build.0 = Public-4.0|x86
		{26232ADD-2DA4-43CD-BE50-34A319BBFFB8}.Public-4.0|x64.ActiveCfg = Public-4.0|x64
		{26232ADD-2DA4-43CD-BE50-34A319BBFFB8}.Public-4.0|x64.Build.0 = Public-4.0|x64
		{26232ADD-2DA4-43CD-BE50-34A319BBFFB8}.Public-4.0|x86.ActiveCfg = Public-4.0|x86
		{26232ADD-2DA4-43CD-BE50-34A319BBFFB8}.Public-4.0|x86.Build.0 = Public-4.0|x86
		{26232ADD-2DA4-43CD-BE50-34A319BBFFB8}.Release|Any CPU.ActiveCfg = Release|Any CPU
		{26232ADD-2DA4-43CD-BE50-34A319BBFFB8}.Release|Any CPU.Build.0 = Release|Any CPU
		{26232ADD-2DA4-43CD-BE50-34A319BBFFB8}.Release|Mixed Platforms.ActiveCfg = Release|x86
		{26232ADD-2DA4-43CD-BE50-34A319BBFFB8}.Release|Mixed Platforms.Build.0 = Release|x86
		{26232ADD-2DA4-43CD-BE50-34A319BBFFB8}.Release|x64.ActiveCfg = Release|x64
		{26232ADD-2DA4-43CD-BE50-34A319BBFFB8}.Release|x64.Build.0 = Release|x64
		{26232ADD-2DA4-43CD-BE50-34A319BBFFB8}.Release|x86.ActiveCfg = Release|x86
		{26232ADD-2DA4-43CD-BE50-34A319BBFFB8}.Release|x86.Build.0 = Release|x86
		{26232ADD-2DA4-43CD-BE50-34A319BBFFB8}.Release-4.0|Any CPU.ActiveCfg = Release-4.0|Any CPU
		{26232ADD-2DA4-43CD-BE50-34A319BBFFB8}.Release-4.0|Any CPU.Build.0 = Release-4.0|Any CPU
		{26232ADD-2DA4-43CD-BE50-34A319BBFFB8}.Release-4.0|Mixed Platforms.ActiveCfg = Release-4.0|x86
		{26232ADD-2DA4-43CD-BE50-34A319BBFFB8}.Release-4.0|Mixed Platforms.Build.0 = Release-4.0|x86
		{26232ADD-2DA4-43CD-BE50-34A319BBFFB8}.Release-4.0|x64.ActiveCfg = Release-4.0|x64
		{26232ADD-2DA4-43CD-BE50-34A319BBFFB8}.Release-4.0|x64.Build.0 = Release-4.0|x64
		{26232ADD-2DA4-43CD-BE50-34A319BBFFB8}.Release-4.0|x86.ActiveCfg = Release-4.0|x86
		{26232ADD-2DA4-43CD-BE50-34A319BBFFB8}.Release-4.0|x86.Build.0 = Release-4.0|x86
		{D31F3E46-8E99-4F73-852A-8D4FC6F9E888}.Debug|Any CPU.ActiveCfg = Debug|Any CPU
		{D31F3E46-8E99-4F73-852A-8D4FC6F9E888}.Debug|Any CPU.Build.0 = Debug|Any CPU
		{D31F3E46-8E99-4F73-852A-8D4FC6F9E888}.Debug|Mixed Platforms.ActiveCfg = Debug|Any CPU
		{D31F3E46-8E99-4F73-852A-8D4FC6F9E888}.Debug|Mixed Platforms.Build.0 = Debug|Any CPU
		{D31F3E46-8E99-4F73-852A-8D4FC6F9E888}.Debug|x64.ActiveCfg = Debug|x64
		{D31F3E46-8E99-4F73-852A-8D4FC6F9E888}.Debug|x64.Build.0 = Debug|x64
		{D31F3E46-8E99-4F73-852A-8D4FC6F9E888}.Debug|x86.ActiveCfg = Debug|Any CPU
		{D31F3E46-8E99-4F73-852A-8D4FC6F9E888}.Debug-4.0|Any CPU.ActiveCfg = Debug|Any CPU
		{D31F3E46-8E99-4F73-852A-8D4FC6F9E888}.Debug-4.0|Any CPU.Build.0 = Debug|Any CPU
		{D31F3E46-8E99-4F73-852A-8D4FC6F9E888}.Debug-4.0|Mixed Platforms.ActiveCfg = Debug|Any CPU
		{D31F3E46-8E99-4F73-852A-8D4FC6F9E888}.Debug-4.0|Mixed Platforms.Build.0 = Debug|Any CPU
		{D31F3E46-8E99-4F73-852A-8D4FC6F9E888}.Debug-4.0|x64.ActiveCfg = Debug|x64
		{D31F3E46-8E99-4F73-852A-8D4FC6F9E888}.Debug-4.0|x64.Build.0 = Debug|x64
		{D31F3E46-8E99-4F73-852A-8D4FC6F9E888}.Debug-4.0|x86.ActiveCfg = Debug|Any CPU
		{D31F3E46-8E99-4F73-852A-8D4FC6F9E888}.PerfTests|Any CPU.ActiveCfg = Release|Any CPU
		{D31F3E46-8E99-4F73-852A-8D4FC6F9E888}.PerfTests|Any CPU.Build.0 = Release|Any CPU
		{D31F3E46-8E99-4F73-852A-8D4FC6F9E888}.PerfTests|Mixed Platforms.ActiveCfg = Release|Any CPU
		{D31F3E46-8E99-4F73-852A-8D4FC6F9E888}.PerfTests|Mixed Platforms.Build.0 = Release|Any CPU
		{D31F3E46-8E99-4F73-852A-8D4FC6F9E888}.PerfTests|x64.ActiveCfg = Release|x64
		{D31F3E46-8E99-4F73-852A-8D4FC6F9E888}.PerfTests|x64.Build.0 = Release|x64
		{D31F3E46-8E99-4F73-852A-8D4FC6F9E888}.PerfTests|x86.ActiveCfg = Release|Any CPU
		{D31F3E46-8E99-4F73-852A-8D4FC6F9E888}.Public-4.0|Any CPU.ActiveCfg = Release|Any CPU
		{D31F3E46-8E99-4F73-852A-8D4FC6F9E888}.Public-4.0|Any CPU.Build.0 = Release|Any CPU
		{D31F3E46-8E99-4F73-852A-8D4FC6F9E888}.Public-4.0|Mixed Platforms.ActiveCfg = Release|Any CPU
		{D31F3E46-8E99-4F73-852A-8D4FC6F9E888}.Public-4.0|Mixed Platforms.Build.0 = Release|Any CPU
		{D31F3E46-8E99-4F73-852A-8D4FC6F9E888}.Public-4.0|x64.ActiveCfg = Release|x64
		{D31F3E46-8E99-4F73-852A-8D4FC6F9E888}.Public-4.0|x64.Build.0 = Release|x64
		{D31F3E46-8E99-4F73-852A-8D4FC6F9E888}.Public-4.0|x86.ActiveCfg = Release|Any CPU
		{D31F3E46-8E99-4F73-852A-8D4FC6F9E888}.Release|Any CPU.ActiveCfg = Release|Any CPU
		{D31F3E46-8E99-4F73-852A-8D4FC6F9E888}.Release|Any CPU.Build.0 = Release|Any CPU
		{D31F3E46-8E99-4F73-852A-8D4FC6F9E888}.Release|Mixed Platforms.ActiveCfg = Release|Any CPU
		{D31F3E46-8E99-4F73-852A-8D4FC6F9E888}.Release|Mixed Platforms.Build.0 = Release|Any CPU
		{D31F3E46-8E99-4F73-852A-8D4FC6F9E888}.Release|x64.ActiveCfg = Release|x64
		{D31F3E46-8E99-4F73-852A-8D4FC6F9E888}.Release|x64.Build.0 = Release|x64
		{D31F3E46-8E99-4F73-852A-8D4FC6F9E888}.Release|x86.ActiveCfg = Release|Any CPU
		{D31F3E46-8E99-4F73-852A-8D4FC6F9E888}.Release-4.0|Any CPU.ActiveCfg = Release|Any CPU
		{D31F3E46-8E99-4F73-852A-8D4FC6F9E888}.Release-4.0|Any CPU.Build.0 = Release|Any CPU
		{D31F3E46-8E99-4F73-852A-8D4FC6F9E888}.Release-4.0|Mixed Platforms.ActiveCfg = Release|Any CPU
		{D31F3E46-8E99-4F73-852A-8D4FC6F9E888}.Release-4.0|Mixed Platforms.Build.0 = Release|Any CPU
		{D31F3E46-8E99-4F73-852A-8D4FC6F9E888}.Release-4.0|x64.ActiveCfg = Release|x64
		{D31F3E46-8E99-4F73-852A-8D4FC6F9E888}.Release-4.0|x64.Build.0 = Release|x64
		{D31F3E46-8E99-4F73-852A-8D4FC6F9E888}.Release-4.0|x86.ActiveCfg = Release|Any CPU
		{5298C914-37D4-4300-9241-A7F9A7AA8A5C}.Debug|Any CPU.ActiveCfg = Debug|Any CPU
		{5298C914-37D4-4300-9241-A7F9A7AA8A5C}.Debug|Any CPU.Build.0 = Debug|Any CPU
		{5298C914-37D4-4300-9241-A7F9A7AA8A5C}.Debug|Mixed Platforms.ActiveCfg = Debug|Any CPU
		{5298C914-37D4-4300-9241-A7F9A7AA8A5C}.Debug|Mixed Platforms.Build.0 = Debug|Any CPU
		{5298C914-37D4-4300-9241-A7F9A7AA8A5C}.Debug|x64.ActiveCfg = Debug|x64
		{5298C914-37D4-4300-9241-A7F9A7AA8A5C}.Debug|x64.Build.0 = Debug|x64
		{5298C914-37D4-4300-9241-A7F9A7AA8A5C}.Debug|x86.ActiveCfg = Debug|Any CPU
		{5298C914-37D4-4300-9241-A7F9A7AA8A5C}.Debug-4.0|Any CPU.ActiveCfg = Debug|Any CPU
		{5298C914-37D4-4300-9241-A7F9A7AA8A5C}.Debug-4.0|Any CPU.Build.0 = Debug|Any CPU
		{5298C914-37D4-4300-9241-A7F9A7AA8A5C}.Debug-4.0|Mixed Platforms.ActiveCfg = Debug|Any CPU
		{5298C914-37D4-4300-9241-A7F9A7AA8A5C}.Debug-4.0|Mixed Platforms.Build.0 = Debug|Any CPU
		{5298C914-37D4-4300-9241-A7F9A7AA8A5C}.Debug-4.0|x64.ActiveCfg = Debug|x64
		{5298C914-37D4-4300-9241-A7F9A7AA8A5C}.Debug-4.0|x64.Build.0 = Debug|x64
		{5298C914-37D4-4300-9241-A7F9A7AA8A5C}.Debug-4.0|x86.ActiveCfg = Debug|Any CPU
		{5298C914-37D4-4300-9241-A7F9A7AA8A5C}.PerfTests|Any CPU.ActiveCfg = Release|Any CPU
		{5298C914-37D4-4300-9241-A7F9A7AA8A5C}.PerfTests|Any CPU.Build.0 = Release|Any CPU
		{5298C914-37D4-4300-9241-A7F9A7AA8A5C}.PerfTests|Mixed Platforms.ActiveCfg = Release|Any CPU
		{5298C914-37D4-4300-9241-A7F9A7AA8A5C}.PerfTests|Mixed Platforms.Build.0 = Release|Any CPU
		{5298C914-37D4-4300-9241-A7F9A7AA8A5C}.PerfTests|x64.ActiveCfg = Release|x64
		{5298C914-37D4-4300-9241-A7F9A7AA8A5C}.PerfTests|x64.Build.0 = Release|x64
		{5298C914-37D4-4300-9241-A7F9A7AA8A5C}.PerfTests|x86.ActiveCfg = Release|Any CPU
		{5298C914-37D4-4300-9241-A7F9A7AA8A5C}.Public-4.0|Any CPU.ActiveCfg = Release|Any CPU
		{5298C914-37D4-4300-9241-A7F9A7AA8A5C}.Public-4.0|Any CPU.Build.0 = Release|Any CPU
		{5298C914-37D4-4300-9241-A7F9A7AA8A5C}.Public-4.0|Mixed Platforms.ActiveCfg = Release|Any CPU
		{5298C914-37D4-4300-9241-A7F9A7AA8A5C}.Public-4.0|Mixed Platforms.Build.0 = Release|Any CPU
		{5298C914-37D4-4300-9241-A7F9A7AA8A5C}.Public-4.0|x64.ActiveCfg = Release|x64
		{5298C914-37D4-4300-9241-A7F9A7AA8A5C}.Public-4.0|x64.Build.0 = Release|x64
		{5298C914-37D4-4300-9241-A7F9A7AA8A5C}.Public-4.0|x86.ActiveCfg = Release|Any CPU
		{5298C914-37D4-4300-9241-A7F9A7AA8A5C}.Release|Any CPU.ActiveCfg = Release|Any CPU
		{5298C914-37D4-4300-9241-A7F9A7AA8A5C}.Release|Any CPU.Build.0 = Release|Any CPU
		{5298C914-37D4-4300-9241-A7F9A7AA8A5C}.Release|Mixed Platforms.ActiveCfg = Release|Any CPU
		{5298C914-37D4-4300-9241-A7F9A7AA8A5C}.Release|Mixed Platforms.Build.0 = Release|Any CPU
		{5298C914-37D4-4300-9241-A7F9A7AA8A5C}.Release|x64.ActiveCfg = Release|x64
		{5298C914-37D4-4300-9241-A7F9A7AA8A5C}.Release|x64.Build.0 = Release|x64
		{5298C914-37D4-4300-9241-A7F9A7AA8A5C}.Release|x86.ActiveCfg = Release|Any CPU
		{5298C914-37D4-4300-9241-A7F9A7AA8A5C}.Release-4.0|Any CPU.ActiveCfg = Release|Any CPU
		{5298C914-37D4-4300-9241-A7F9A7AA8A5C}.Release-4.0|Any CPU.Build.0 = Release|Any CPU
		{5298C914-37D4-4300-9241-A7F9A7AA8A5C}.Release-4.0|Mixed Platforms.ActiveCfg = Release|Any CPU
		{5298C914-37D4-4300-9241-A7F9A7AA8A5C}.Release-4.0|Mixed Platforms.Build.0 = Release|Any CPU
		{5298C914-37D4-4300-9241-A7F9A7AA8A5C}.Release-4.0|x64.ActiveCfg = Release|x64
		{5298C914-37D4-4300-9241-A7F9A7AA8A5C}.Release-4.0|x64.Build.0 = Release|x64
		{5298C914-37D4-4300-9241-A7F9A7AA8A5C}.Release-4.0|x86.ActiveCfg = Release|Any CPU
		{E8394B0E-9774-4F34-9FB2-0D243C5D1AD7}.Debug|Any CPU.ActiveCfg = Debug|Any CPU
		{E8394B0E-9774-4F34-9FB2-0D243C5D1AD7}.Debug|Any CPU.Build.0 = Debug|Any CPU
		{E8394B0E-9774-4F34-9FB2-0D243C5D1AD7}.Debug|Mixed Platforms.ActiveCfg = Debug|x86
		{E8394B0E-9774-4F34-9FB2-0D243C5D1AD7}.Debug|Mixed Platforms.Build.0 = Debug|x86
		{E8394B0E-9774-4F34-9FB2-0D243C5D1AD7}.Debug|x64.ActiveCfg = Debug|x64
		{E8394B0E-9774-4F34-9FB2-0D243C5D1AD7}.Debug|x64.Build.0 = Debug|x64
		{E8394B0E-9774-4F34-9FB2-0D243C5D1AD7}.Debug|x86.ActiveCfg = Debug|x86
		{E8394B0E-9774-4F34-9FB2-0D243C5D1AD7}.Debug|x86.Build.0 = Debug|x86
		{E8394B0E-9774-4F34-9FB2-0D243C5D1AD7}.Debug-4.0|Any CPU.ActiveCfg = Debug|Any CPU
		{E8394B0E-9774-4F34-9FB2-0D243C5D1AD7}.Debug-4.0|Any CPU.Build.0 = Debug|Any CPU
		{E8394B0E-9774-4F34-9FB2-0D243C5D1AD7}.Debug-4.0|Mixed Platforms.ActiveCfg = Debug|x86
		{E8394B0E-9774-4F34-9FB2-0D243C5D1AD7}.Debug-4.0|Mixed Platforms.Build.0 = Debug|x86
		{E8394B0E-9774-4F34-9FB2-0D243C5D1AD7}.Debug-4.0|x64.ActiveCfg = Debug|x64
		{E8394B0E-9774-4F34-9FB2-0D243C5D1AD7}.Debug-4.0|x64.Build.0 = Debug|x64
		{E8394B0E-9774-4F34-9FB2-0D243C5D1AD7}.Debug-4.0|x86.ActiveCfg = Debug|x86
		{E8394B0E-9774-4F34-9FB2-0D243C5D1AD7}.Debug-4.0|x86.Build.0 = Debug|x86
		{E8394B0E-9774-4F34-9FB2-0D243C5D1AD7}.PerfTests|Any CPU.ActiveCfg = Release|Any CPU
		{E8394B0E-9774-4F34-9FB2-0D243C5D1AD7}.PerfTests|Any CPU.Build.0 = Release|Any CPU
		{E8394B0E-9774-4F34-9FB2-0D243C5D1AD7}.PerfTests|Mixed Platforms.ActiveCfg = Release|x86
		{E8394B0E-9774-4F34-9FB2-0D243C5D1AD7}.PerfTests|Mixed Platforms.Build.0 = Release|x86
		{E8394B0E-9774-4F34-9FB2-0D243C5D1AD7}.PerfTests|x64.ActiveCfg = Release|x64
		{E8394B0E-9774-4F34-9FB2-0D243C5D1AD7}.PerfTests|x64.Build.0 = Release|x64
		{E8394B0E-9774-4F34-9FB2-0D243C5D1AD7}.PerfTests|x86.ActiveCfg = Release|x86
		{E8394B0E-9774-4F34-9FB2-0D243C5D1AD7}.PerfTests|x86.Build.0 = Release|x86
		{E8394B0E-9774-4F34-9FB2-0D243C5D1AD7}.Public-4.0|Any CPU.ActiveCfg = Release|Any CPU
		{E8394B0E-9774-4F34-9FB2-0D243C5D1AD7}.Public-4.0|Any CPU.Build.0 = Release|Any CPU
		{E8394B0E-9774-4F34-9FB2-0D243C5D1AD7}.Public-4.0|Mixed Platforms.ActiveCfg = Release|x86
		{E8394B0E-9774-4F34-9FB2-0D243C5D1AD7}.Public-4.0|Mixed Platforms.Build.0 = Release|x86
		{E8394B0E-9774-4F34-9FB2-0D243C5D1AD7}.Public-4.0|x64.ActiveCfg = Release|x64
		{E8394B0E-9774-4F34-9FB2-0D243C5D1AD7}.Public-4.0|x64.Build.0 = Release|x64
		{E8394B0E-9774-4F34-9FB2-0D243C5D1AD7}.Public-4.0|x86.ActiveCfg = Release|x86
		{E8394B0E-9774-4F34-9FB2-0D243C5D1AD7}.Public-4.0|x86.Build.0 = Release|x86
		{E8394B0E-9774-4F34-9FB2-0D243C5D1AD7}.Release|Any CPU.ActiveCfg = Release|Any CPU
		{E8394B0E-9774-4F34-9FB2-0D243C5D1AD7}.Release|Any CPU.Build.0 = Release|Any CPU
		{E8394B0E-9774-4F34-9FB2-0D243C5D1AD7}.Release|Mixed Platforms.ActiveCfg = Release|x86
		{E8394B0E-9774-4F34-9FB2-0D243C5D1AD7}.Release|Mixed Platforms.Build.0 = Release|x86
		{E8394B0E-9774-4F34-9FB2-0D243C5D1AD7}.Release|x64.ActiveCfg = Release|x64
		{E8394B0E-9774-4F34-9FB2-0D243C5D1AD7}.Release|x64.Build.0 = Release|x64
		{E8394B0E-9774-4F34-9FB2-0D243C5D1AD7}.Release|x86.ActiveCfg = Release|x86
		{E8394B0E-9774-4F34-9FB2-0D243C5D1AD7}.Release|x86.Build.0 = Release|x86
		{E8394B0E-9774-4F34-9FB2-0D243C5D1AD7}.Release-4.0|Any CPU.ActiveCfg = Release|Any CPU
		{E8394B0E-9774-4F34-9FB2-0D243C5D1AD7}.Release-4.0|Any CPU.Build.0 = Release|Any CPU
		{E8394B0E-9774-4F34-9FB2-0D243C5D1AD7}.Release-4.0|Mixed Platforms.ActiveCfg = Release|x86
		{E8394B0E-9774-4F34-9FB2-0D243C5D1AD7}.Release-4.0|Mixed Platforms.Build.0 = Release|x86
		{E8394B0E-9774-4F34-9FB2-0D243C5D1AD7}.Release-4.0|x64.ActiveCfg = Release|x64
		{E8394B0E-9774-4F34-9FB2-0D243C5D1AD7}.Release-4.0|x64.Build.0 = Release|x64
		{E8394B0E-9774-4F34-9FB2-0D243C5D1AD7}.Release-4.0|x86.ActiveCfg = Release|x86
		{E8394B0E-9774-4F34-9FB2-0D243C5D1AD7}.Release-4.0|x86.Build.0 = Release|x86
		{C59509FA-DE51-4CC5-8CAD-32EE4C61848B}.Debug|Any CPU.ActiveCfg = Debug|Any CPU
		{C59509FA-DE51-4CC5-8CAD-32EE4C61848B}.Debug|Any CPU.Build.0 = Debug|Any CPU
		{C59509FA-DE51-4CC5-8CAD-32EE4C61848B}.Debug|Mixed Platforms.ActiveCfg = Debug|Any CPU
		{C59509FA-DE51-4CC5-8CAD-32EE4C61848B}.Debug|Mixed Platforms.Build.0 = Debug|Any CPU
		{C59509FA-DE51-4CC5-8CAD-32EE4C61848B}.Debug|x64.ActiveCfg = Debug|x64
		{C59509FA-DE51-4CC5-8CAD-32EE4C61848B}.Debug|x64.Build.0 = Debug|x64
		{C59509FA-DE51-4CC5-8CAD-32EE4C61848B}.Debug|x86.ActiveCfg = Debug|Any CPU
		{C59509FA-DE51-4CC5-8CAD-32EE4C61848B}.Debug-4.0|Any CPU.ActiveCfg = Debug|Any CPU
		{C59509FA-DE51-4CC5-8CAD-32EE4C61848B}.Debug-4.0|Any CPU.Build.0 = Debug|Any CPU
		{C59509FA-DE51-4CC5-8CAD-32EE4C61848B}.Debug-4.0|Mixed Platforms.ActiveCfg = Debug|Any CPU
		{C59509FA-DE51-4CC5-8CAD-32EE4C61848B}.Debug-4.0|Mixed Platforms.Build.0 = Debug|Any CPU
		{C59509FA-DE51-4CC5-8CAD-32EE4C61848B}.Debug-4.0|x64.ActiveCfg = Debug|x64
		{C59509FA-DE51-4CC5-8CAD-32EE4C61848B}.Debug-4.0|x64.Build.0 = Debug|x64
		{C59509FA-DE51-4CC5-8CAD-32EE4C61848B}.Debug-4.0|x86.ActiveCfg = Debug|Any CPU
		{C59509FA-DE51-4CC5-8CAD-32EE4C61848B}.PerfTests|Any CPU.ActiveCfg = Release|Any CPU
		{C59509FA-DE51-4CC5-8CAD-32EE4C61848B}.PerfTests|Any CPU.Build.0 = Release|Any CPU
		{C59509FA-DE51-4CC5-8CAD-32EE4C61848B}.PerfTests|Mixed Platforms.ActiveCfg = Release|Any CPU
		{C59509FA-DE51-4CC5-8CAD-32EE4C61848B}.PerfTests|Mixed Platforms.Build.0 = Release|Any CPU
		{C59509FA-DE51-4CC5-8CAD-32EE4C61848B}.PerfTests|x64.ActiveCfg = Release|x64
		{C59509FA-DE51-4CC5-8CAD-32EE4C61848B}.PerfTests|x64.Build.0 = Release|x64
		{C59509FA-DE51-4CC5-8CAD-32EE4C61848B}.PerfTests|x86.ActiveCfg = Release|Any CPU
		{C59509FA-DE51-4CC5-8CAD-32EE4C61848B}.Public-4.0|Any CPU.ActiveCfg = Release|Any CPU
		{C59509FA-DE51-4CC5-8CAD-32EE4C61848B}.Public-4.0|Any CPU.Build.0 = Release|Any CPU
		{C59509FA-DE51-4CC5-8CAD-32EE4C61848B}.Public-4.0|Mixed Platforms.ActiveCfg = Release|Any CPU
		{C59509FA-DE51-4CC5-8CAD-32EE4C61848B}.Public-4.0|Mixed Platforms.Build.0 = Release|Any CPU
		{C59509FA-DE51-4CC5-8CAD-32EE4C61848B}.Public-4.0|x64.ActiveCfg = Release|x64
		{C59509FA-DE51-4CC5-8CAD-32EE4C61848B}.Public-4.0|x64.Build.0 = Release|x64
		{C59509FA-DE51-4CC5-8CAD-32EE4C61848B}.Public-4.0|x86.ActiveCfg = Release|Any CPU
		{C59509FA-DE51-4CC5-8CAD-32EE4C61848B}.Release|Any CPU.ActiveCfg = Release|Any CPU
		{C59509FA-DE51-4CC5-8CAD-32EE4C61848B}.Release|Any CPU.Build.0 = Release|Any CPU
		{C59509FA-DE51-4CC5-8CAD-32EE4C61848B}.Release|Mixed Platforms.ActiveCfg = Release|Any CPU
		{C59509FA-DE51-4CC5-8CAD-32EE4C61848B}.Release|Mixed Platforms.Build.0 = Release|Any CPU
		{C59509FA-DE51-4CC5-8CAD-32EE4C61848B}.Release|x64.ActiveCfg = Release|x64
		{C59509FA-DE51-4CC5-8CAD-32EE4C61848B}.Release|x64.Build.0 = Release|x64
		{C59509FA-DE51-4CC5-8CAD-32EE4C61848B}.Release|x86.ActiveCfg = Release|Any CPU
		{C59509FA-DE51-4CC5-8CAD-32EE4C61848B}.Release-4.0|Any CPU.ActiveCfg = Release|Any CPU
		{C59509FA-DE51-4CC5-8CAD-32EE4C61848B}.Release-4.0|Any CPU.Build.0 = Release|Any CPU
		{C59509FA-DE51-4CC5-8CAD-32EE4C61848B}.Release-4.0|Mixed Platforms.ActiveCfg = Release|Any CPU
		{C59509FA-DE51-4CC5-8CAD-32EE4C61848B}.Release-4.0|Mixed Platforms.Build.0 = Release|Any CPU
		{C59509FA-DE51-4CC5-8CAD-32EE4C61848B}.Release-4.0|x64.ActiveCfg = Release|x64
		{C59509FA-DE51-4CC5-8CAD-32EE4C61848B}.Release-4.0|x64.Build.0 = Release|x64
		{C59509FA-DE51-4CC5-8CAD-32EE4C61848B}.Release-4.0|x86.ActiveCfg = Release|Any CPU
		{E9CD0272-0C95-4042-BC61-1B1A99BEF9BE}.Debug|Any CPU.ActiveCfg = Debug|Any CPU
		{E9CD0272-0C95-4042-BC61-1B1A99BEF9BE}.Debug|Any CPU.Build.0 = Debug|Any CPU
		{E9CD0272-0C95-4042-BC61-1B1A99BEF9BE}.Debug|Mixed Platforms.ActiveCfg = Debug|Any CPU
		{E9CD0272-0C95-4042-BC61-1B1A99BEF9BE}.Debug|Mixed Platforms.Build.0 = Debug|Any CPU
		{E9CD0272-0C95-4042-BC61-1B1A99BEF9BE}.Debug|x64.ActiveCfg = Debug|x64
		{E9CD0272-0C95-4042-BC61-1B1A99BEF9BE}.Debug|x64.Build.0 = Debug|x64
		{E9CD0272-0C95-4042-BC61-1B1A99BEF9BE}.Debug|x86.ActiveCfg = Debug|Any CPU
		{E9CD0272-0C95-4042-BC61-1B1A99BEF9BE}.Debug-4.0|Any CPU.ActiveCfg = Debug|Any CPU
		{E9CD0272-0C95-4042-BC61-1B1A99BEF9BE}.Debug-4.0|Any CPU.Build.0 = Debug|Any CPU
		{E9CD0272-0C95-4042-BC61-1B1A99BEF9BE}.Debug-4.0|Mixed Platforms.ActiveCfg = Debug|Any CPU
		{E9CD0272-0C95-4042-BC61-1B1A99BEF9BE}.Debug-4.0|Mixed Platforms.Build.0 = Debug|Any CPU
		{E9CD0272-0C95-4042-BC61-1B1A99BEF9BE}.Debug-4.0|x64.ActiveCfg = Debug|Any CPU
		{E9CD0272-0C95-4042-BC61-1B1A99BEF9BE}.Debug-4.0|x86.ActiveCfg = Debug|Any CPU
		{E9CD0272-0C95-4042-BC61-1B1A99BEF9BE}.PerfTests|Any CPU.ActiveCfg = Release|Any CPU
		{E9CD0272-0C95-4042-BC61-1B1A99BEF9BE}.PerfTests|Any CPU.Build.0 = Release|Any CPU
		{E9CD0272-0C95-4042-BC61-1B1A99BEF9BE}.PerfTests|Mixed Platforms.ActiveCfg = Release|Any CPU
		{E9CD0272-0C95-4042-BC61-1B1A99BEF9BE}.PerfTests|Mixed Platforms.Build.0 = Release|Any CPU
		{E9CD0272-0C95-4042-BC61-1B1A99BEF9BE}.PerfTests|x64.ActiveCfg = Release|x64
		{E9CD0272-0C95-4042-BC61-1B1A99BEF9BE}.PerfTests|x64.Build.0 = Release|x64
		{E9CD0272-0C95-4042-BC61-1B1A99BEF9BE}.PerfTests|x86.ActiveCfg = Release|Any CPU
		{E9CD0272-0C95-4042-BC61-1B1A99BEF9BE}.Public-4.0|Any CPU.ActiveCfg = Release|Any CPU
		{E9CD0272-0C95-4042-BC61-1B1A99BEF9BE}.Public-4.0|Any CPU.Build.0 = Release|Any CPU
		{E9CD0272-0C95-4042-BC61-1B1A99BEF9BE}.Public-4.0|Mixed Platforms.ActiveCfg = Release|Any CPU
		{E9CD0272-0C95-4042-BC61-1B1A99BEF9BE}.Public-4.0|Mixed Platforms.Build.0 = Release|Any CPU
		{E9CD0272-0C95-4042-BC61-1B1A99BEF9BE}.Public-4.0|x64.ActiveCfg = Release|Any CPU
		{E9CD0272-0C95-4042-BC61-1B1A99BEF9BE}.Public-4.0|x86.ActiveCfg = Release|Any CPU
		{E9CD0272-0C95-4042-BC61-1B1A99BEF9BE}.Release|Any CPU.ActiveCfg = Release|Any CPU
		{E9CD0272-0C95-4042-BC61-1B1A99BEF9BE}.Release|Any CPU.Build.0 = Release|Any CPU
		{E9CD0272-0C95-4042-BC61-1B1A99BEF9BE}.Release|Mixed Platforms.ActiveCfg = Release|Any CPU
		{E9CD0272-0C95-4042-BC61-1B1A99BEF9BE}.Release|Mixed Platforms.Build.0 = Release|Any CPU
		{E9CD0272-0C95-4042-BC61-1B1A99BEF9BE}.Release|x64.ActiveCfg = Release|x64
		{E9CD0272-0C95-4042-BC61-1B1A99BEF9BE}.Release|x64.Build.0 = Release|x64
		{E9CD0272-0C95-4042-BC61-1B1A99BEF9BE}.Release|x86.ActiveCfg = Release|Any CPU
		{E9CD0272-0C95-4042-BC61-1B1A99BEF9BE}.Release-4.0|Any CPU.ActiveCfg = Release|Any CPU
		{E9CD0272-0C95-4042-BC61-1B1A99BEF9BE}.Release-4.0|Any CPU.Build.0 = Release|Any CPU
		{E9CD0272-0C95-4042-BC61-1B1A99BEF9BE}.Release-4.0|Mixed Platforms.ActiveCfg = Release|Any CPU
		{E9CD0272-0C95-4042-BC61-1B1A99BEF9BE}.Release-4.0|Mixed Platforms.Build.0 = Release|Any CPU
		{E9CD0272-0C95-4042-BC61-1B1A99BEF9BE}.Release-4.0|x64.ActiveCfg = Release|Any CPU
		{E9CD0272-0C95-4042-BC61-1B1A99BEF9BE}.Release-4.0|x86.ActiveCfg = Release|Any CPU
		{B34F999C-E43A-4A4D-AB9C-A6F76787DF2F}.Debug|Any CPU.ActiveCfg = Debug|Any CPU
		{B34F999C-E43A-4A4D-AB9C-A6F76787DF2F}.Debug|Any CPU.Build.0 = Debug|Any CPU
		{B34F999C-E43A-4A4D-AB9C-A6F76787DF2F}.Debug|Mixed Platforms.ActiveCfg = Debug|Any CPU
		{B34F999C-E43A-4A4D-AB9C-A6F76787DF2F}.Debug|Mixed Platforms.Build.0 = Debug|Any CPU
		{B34F999C-E43A-4A4D-AB9C-A6F76787DF2F}.Debug|x64.ActiveCfg = Debug|x64
		{B34F999C-E43A-4A4D-AB9C-A6F76787DF2F}.Debug|x64.Build.0 = Debug|x64
		{B34F999C-E43A-4A4D-AB9C-A6F76787DF2F}.Debug|x86.ActiveCfg = Debug|Any CPU
		{B34F999C-E43A-4A4D-AB9C-A6F76787DF2F}.Debug-4.0|Any CPU.ActiveCfg = Debug|Any CPU
		{B34F999C-E43A-4A4D-AB9C-A6F76787DF2F}.Debug-4.0|Any CPU.Build.0 = Debug|Any CPU
		{B34F999C-E43A-4A4D-AB9C-A6F76787DF2F}.Debug-4.0|Mixed Platforms.ActiveCfg = Debug|Any CPU
		{B34F999C-E43A-4A4D-AB9C-A6F76787DF2F}.Debug-4.0|Mixed Platforms.Build.0 = Debug|Any CPU
		{B34F999C-E43A-4A4D-AB9C-A6F76787DF2F}.Debug-4.0|x64.ActiveCfg = Debug|x64
		{B34F999C-E43A-4A4D-AB9C-A6F76787DF2F}.Debug-4.0|x64.Build.0 = Debug|x64
		{B34F999C-E43A-4A4D-AB9C-A6F76787DF2F}.Debug-4.0|x86.ActiveCfg = Debug|Any CPU
		{B34F999C-E43A-4A4D-AB9C-A6F76787DF2F}.PerfTests|Any CPU.ActiveCfg = Release|Any CPU
		{B34F999C-E43A-4A4D-AB9C-A6F76787DF2F}.PerfTests|Any CPU.Build.0 = Release|Any CPU
		{B34F999C-E43A-4A4D-AB9C-A6F76787DF2F}.PerfTests|Mixed Platforms.ActiveCfg = Release|Any CPU
		{B34F999C-E43A-4A4D-AB9C-A6F76787DF2F}.PerfTests|Mixed Platforms.Build.0 = Release|Any CPU
		{B34F999C-E43A-4A4D-AB9C-A6F76787DF2F}.PerfTests|x64.ActiveCfg = Release|x64
		{B34F999C-E43A-4A4D-AB9C-A6F76787DF2F}.PerfTests|x64.Build.0 = Release|x64
		{B34F999C-E43A-4A4D-AB9C-A6F76787DF2F}.PerfTests|x86.ActiveCfg = Release|Any CPU
		{B34F999C-E43A-4A4D-AB9C-A6F76787DF2F}.Public-4.0|Any CPU.ActiveCfg = Release|Any CPU
		{B34F999C-E43A-4A4D-AB9C-A6F76787DF2F}.Public-4.0|Any CPU.Build.0 = Release|Any CPU
		{B34F999C-E43A-4A4D-AB9C-A6F76787DF2F}.Public-4.0|Mixed Platforms.ActiveCfg = Release|Any CPU
		{B34F999C-E43A-4A4D-AB9C-A6F76787DF2F}.Public-4.0|Mixed Platforms.Build.0 = Release|Any CPU
		{B34F999C-E43A-4A4D-AB9C-A6F76787DF2F}.Public-4.0|x64.ActiveCfg = Release|x64
		{B34F999C-E43A-4A4D-AB9C-A6F76787DF2F}.Public-4.0|x64.Build.0 = Release|x64
		{B34F999C-E43A-4A4D-AB9C-A6F76787DF2F}.Public-4.0|x86.ActiveCfg = Release|Any CPU
		{B34F999C-E43A-4A4D-AB9C-A6F76787DF2F}.Release|Any CPU.ActiveCfg = Release|Any CPU
		{B34F999C-E43A-4A4D-AB9C-A6F76787DF2F}.Release|Any CPU.Build.0 = Release|Any CPU
		{B34F999C-E43A-4A4D-AB9C-A6F76787DF2F}.Release|Mixed Platforms.ActiveCfg = Release|Any CPU
		{B34F999C-E43A-4A4D-AB9C-A6F76787DF2F}.Release|Mixed Platforms.Build.0 = Release|Any CPU
		{B34F999C-E43A-4A4D-AB9C-A6F76787DF2F}.Release|x64.ActiveCfg = Release|x64
		{B34F999C-E43A-4A4D-AB9C-A6F76787DF2F}.Release|x64.Build.0 = Release|x64
		{B34F999C-E43A-4A4D-AB9C-A6F76787DF2F}.Release|x86.ActiveCfg = Release|Any CPU
		{B34F999C-E43A-4A4D-AB9C-A6F76787DF2F}.Release-4.0|Any CPU.ActiveCfg = Release|Any CPU
		{B34F999C-E43A-4A4D-AB9C-A6F76787DF2F}.Release-4.0|Any CPU.Build.0 = Release|Any CPU
		{B34F999C-E43A-4A4D-AB9C-A6F76787DF2F}.Release-4.0|Mixed Platforms.ActiveCfg = Release|Any CPU
		{B34F999C-E43A-4A4D-AB9C-A6F76787DF2F}.Release-4.0|Mixed Platforms.Build.0 = Release|Any CPU
		{B34F999C-E43A-4A4D-AB9C-A6F76787DF2F}.Release-4.0|x64.ActiveCfg = Release|x64
		{B34F999C-E43A-4A4D-AB9C-A6F76787DF2F}.Release-4.0|x64.Build.0 = Release|x64
		{B34F999C-E43A-4A4D-AB9C-A6F76787DF2F}.Release-4.0|x86.ActiveCfg = Release|Any CPU
		{76CAB3DD-6B22-4A98-B3DF-25879D905A56}.Debug|Any CPU.ActiveCfg = Debug|Any CPU
		{76CAB3DD-6B22-4A98-B3DF-25879D905A56}.Debug|Any CPU.Build.0 = Debug|Any CPU
		{76CAB3DD-6B22-4A98-B3DF-25879D905A56}.Debug|Mixed Platforms.ActiveCfg = Debug|Any CPU
		{76CAB3DD-6B22-4A98-B3DF-25879D905A56}.Debug|Mixed Platforms.Build.0 = Debug|Any CPU
		{76CAB3DD-6B22-4A98-B3DF-25879D905A56}.Debug|x64.ActiveCfg = Debug|x64
		{76CAB3DD-6B22-4A98-B3DF-25879D905A56}.Debug|x64.Build.0 = Debug|x64
		{76CAB3DD-6B22-4A98-B3DF-25879D905A56}.Debug|x86.ActiveCfg = Debug|Any CPU
		{76CAB3DD-6B22-4A98-B3DF-25879D905A56}.Debug-4.0|Any CPU.ActiveCfg = Debug|Any CPU
		{76CAB3DD-6B22-4A98-B3DF-25879D905A56}.Debug-4.0|Any CPU.Build.0 = Debug|Any CPU
		{76CAB3DD-6B22-4A98-B3DF-25879D905A56}.Debug-4.0|Mixed Platforms.ActiveCfg = Debug|Any CPU
		{76CAB3DD-6B22-4A98-B3DF-25879D905A56}.Debug-4.0|Mixed Platforms.Build.0 = Debug|Any CPU
		{76CAB3DD-6B22-4A98-B3DF-25879D905A56}.Debug-4.0|x64.ActiveCfg = Debug|Any CPU
		{76CAB3DD-6B22-4A98-B3DF-25879D905A56}.Debug-4.0|x86.ActiveCfg = Debug|Any CPU
		{76CAB3DD-6B22-4A98-B3DF-25879D905A56}.PerfTests|Any CPU.ActiveCfg = Release|Any CPU
		{76CAB3DD-6B22-4A98-B3DF-25879D905A56}.PerfTests|Any CPU.Build.0 = Release|Any CPU
		{76CAB3DD-6B22-4A98-B3DF-25879D905A56}.PerfTests|Mixed Platforms.ActiveCfg = Release|Any CPU
		{76CAB3DD-6B22-4A98-B3DF-25879D905A56}.PerfTests|Mixed Platforms.Build.0 = Release|Any CPU
		{76CAB3DD-6B22-4A98-B3DF-25879D905A56}.PerfTests|x64.ActiveCfg = Release|x64
		{76CAB3DD-6B22-4A98-B3DF-25879D905A56}.PerfTests|x64.Build.0 = Release|x64
		{76CAB3DD-6B22-4A98-B3DF-25879D905A56}.PerfTests|x86.ActiveCfg = Release|Any CPU
		{76CAB3DD-6B22-4A98-B3DF-25879D905A56}.Public-4.0|Any CPU.ActiveCfg = Release|Any CPU
		{76CAB3DD-6B22-4A98-B3DF-25879D905A56}.Public-4.0|Any CPU.Build.0 = Release|Any CPU
		{76CAB3DD-6B22-4A98-B3DF-25879D905A56}.Public-4.0|Mixed Platforms.ActiveCfg = Release|Any CPU
		{76CAB3DD-6B22-4A98-B3DF-25879D905A56}.Public-4.0|Mixed Platforms.Build.0 = Release|Any CPU
		{76CAB3DD-6B22-4A98-B3DF-25879D905A56}.Public-4.0|x64.ActiveCfg = Release|Any CPU
		{76CAB3DD-6B22-4A98-B3DF-25879D905A56}.Public-4.0|x86.ActiveCfg = Release|Any CPU
		{76CAB3DD-6B22-4A98-B3DF-25879D905A56}.Release|Any CPU.ActiveCfg = Release|Any CPU
		{76CAB3DD-6B22-4A98-B3DF-25879D905A56}.Release|Any CPU.Build.0 = Release|Any CPU
		{76CAB3DD-6B22-4A98-B3DF-25879D905A56}.Release|Mixed Platforms.ActiveCfg = Release|Any CPU
		{76CAB3DD-6B22-4A98-B3DF-25879D905A56}.Release|Mixed Platforms.Build.0 = Release|Any CPU
		{76CAB3DD-6B22-4A98-B3DF-25879D905A56}.Release|x64.ActiveCfg = Release|x64
		{76CAB3DD-6B22-4A98-B3DF-25879D905A56}.Release|x64.Build.0 = Release|x64
		{76CAB3DD-6B22-4A98-B3DF-25879D905A56}.Release|x86.ActiveCfg = Release|Any CPU
		{76CAB3DD-6B22-4A98-B3DF-25879D905A56}.Release-4.0|Any CPU.ActiveCfg = Release|Any CPU
		{76CAB3DD-6B22-4A98-B3DF-25879D905A56}.Release-4.0|Any CPU.Build.0 = Release|Any CPU
		{76CAB3DD-6B22-4A98-B3DF-25879D905A56}.Release-4.0|Mixed Platforms.ActiveCfg = Release|Any CPU
		{76CAB3DD-6B22-4A98-B3DF-25879D905A56}.Release-4.0|Mixed Platforms.Build.0 = Release|Any CPU
		{76CAB3DD-6B22-4A98-B3DF-25879D905A56}.Release-4.0|x64.ActiveCfg = Release|Any CPU
		{76CAB3DD-6B22-4A98-B3DF-25879D905A56}.Release-4.0|x86.ActiveCfg = Release|Any CPU
		{3AD987BF-F0FA-40BD-9DAE-4AF3A5FE9CC7}.Debug|Any CPU.ActiveCfg = Debug|Any CPU
		{3AD987BF-F0FA-40BD-9DAE-4AF3A5FE9CC7}.Debug|Any CPU.Build.0 = Debug|Any CPU
		{3AD987BF-F0FA-40BD-9DAE-4AF3A5FE9CC7}.Debug|Mixed Platforms.ActiveCfg = Debug|Any CPU
		{3AD987BF-F0FA-40BD-9DAE-4AF3A5FE9CC7}.Debug|Mixed Platforms.Build.0 = Debug|Any CPU
		{3AD987BF-F0FA-40BD-9DAE-4AF3A5FE9CC7}.Debug|x64.ActiveCfg = Debug|x64
		{3AD987BF-F0FA-40BD-9DAE-4AF3A5FE9CC7}.Debug|x64.Build.0 = Debug|x64
		{3AD987BF-F0FA-40BD-9DAE-4AF3A5FE9CC7}.Debug|x86.ActiveCfg = Debug|Any CPU
		{3AD987BF-F0FA-40BD-9DAE-4AF3A5FE9CC7}.Debug-4.0|Any CPU.ActiveCfg = Debug|Any CPU
		{3AD987BF-F0FA-40BD-9DAE-4AF3A5FE9CC7}.Debug-4.0|Any CPU.Build.0 = Debug|Any CPU
		{3AD987BF-F0FA-40BD-9DAE-4AF3A5FE9CC7}.Debug-4.0|Mixed Platforms.ActiveCfg = Debug|Any CPU
		{3AD987BF-F0FA-40BD-9DAE-4AF3A5FE9CC7}.Debug-4.0|Mixed Platforms.Build.0 = Debug|Any CPU
		{3AD987BF-F0FA-40BD-9DAE-4AF3A5FE9CC7}.Debug-4.0|x64.ActiveCfg = Debug|Any CPU
		{3AD987BF-F0FA-40BD-9DAE-4AF3A5FE9CC7}.Debug-4.0|x86.ActiveCfg = Debug|Any CPU
		{3AD987BF-F0FA-40BD-9DAE-4AF3A5FE9CC7}.PerfTests|Any CPU.ActiveCfg = PerfTests|Any CPU
		{3AD987BF-F0FA-40BD-9DAE-4AF3A5FE9CC7}.PerfTests|Any CPU.Build.0 = PerfTests|Any CPU
		{3AD987BF-F0FA-40BD-9DAE-4AF3A5FE9CC7}.PerfTests|Mixed Platforms.ActiveCfg = PerfTests|Any CPU
		{3AD987BF-F0FA-40BD-9DAE-4AF3A5FE9CC7}.PerfTests|Mixed Platforms.Build.0 = PerfTests|Any CPU
		{3AD987BF-F0FA-40BD-9DAE-4AF3A5FE9CC7}.PerfTests|x64.ActiveCfg = PerfTests|Any CPU
		{3AD987BF-F0FA-40BD-9DAE-4AF3A5FE9CC7}.PerfTests|x86.ActiveCfg = PerfTests|Any CPU
		{3AD987BF-F0FA-40BD-9DAE-4AF3A5FE9CC7}.Public-4.0|Any CPU.ActiveCfg = PerfTests|Any CPU
		{3AD987BF-F0FA-40BD-9DAE-4AF3A5FE9CC7}.Public-4.0|Any CPU.Build.0 = PerfTests|Any CPU
		{3AD987BF-F0FA-40BD-9DAE-4AF3A5FE9CC7}.Public-4.0|Mixed Platforms.ActiveCfg = PerfTests|Any CPU
		{3AD987BF-F0FA-40BD-9DAE-4AF3A5FE9CC7}.Public-4.0|Mixed Platforms.Build.0 = PerfTests|Any CPU
		{3AD987BF-F0FA-40BD-9DAE-4AF3A5FE9CC7}.Public-4.0|x64.ActiveCfg = PerfTests|Any CPU
		{3AD987BF-F0FA-40BD-9DAE-4AF3A5FE9CC7}.Public-4.0|x86.ActiveCfg = PerfTests|Any CPU
		{3AD987BF-F0FA-40BD-9DAE-4AF3A5FE9CC7}.Release|Any CPU.ActiveCfg = Release|Any CPU
		{3AD987BF-F0FA-40BD-9DAE-4AF3A5FE9CC7}.Release|Any CPU.Build.0 = Release|Any CPU
		{3AD987BF-F0FA-40BD-9DAE-4AF3A5FE9CC7}.Release|Mixed Platforms.ActiveCfg = Release|Any CPU
		{3AD987BF-F0FA-40BD-9DAE-4AF3A5FE9CC7}.Release|Mixed Platforms.Build.0 = Release|Any CPU
		{3AD987BF-F0FA-40BD-9DAE-4AF3A5FE9CC7}.Release|x64.ActiveCfg = Release|x64
		{3AD987BF-F0FA-40BD-9DAE-4AF3A5FE9CC7}.Release|x64.Build.0 = Release|x64
		{3AD987BF-F0FA-40BD-9DAE-4AF3A5FE9CC7}.Release|x86.ActiveCfg = Release|Any CPU
		{3AD987BF-F0FA-40BD-9DAE-4AF3A5FE9CC7}.Release-4.0|Any CPU.ActiveCfg = Release|Any CPU
		{3AD987BF-F0FA-40BD-9DAE-4AF3A5FE9CC7}.Release-4.0|Any CPU.Build.0 = Release|Any CPU
		{3AD987BF-F0FA-40BD-9DAE-4AF3A5FE9CC7}.Release-4.0|Mixed Platforms.ActiveCfg = Release|Any CPU
		{3AD987BF-F0FA-40BD-9DAE-4AF3A5FE9CC7}.Release-4.0|Mixed Platforms.Build.0 = Release|Any CPU
		{3AD987BF-F0FA-40BD-9DAE-4AF3A5FE9CC7}.Release-4.0|x64.ActiveCfg = Release|Any CPU
		{3AD987BF-F0FA-40BD-9DAE-4AF3A5FE9CC7}.Release-4.0|x86.ActiveCfg = Release|Any CPU
		{4217E260-2F8B-4B58-8326-7C138F14070F}.Debug|Any CPU.ActiveCfg = Debug|Any CPU
		{4217E260-2F8B-4B58-8326-7C138F14070F}.Debug|Any CPU.Build.0 = Debug|Any CPU
		{4217E260-2F8B-4B58-8326-7C138F14070F}.Debug|Mixed Platforms.ActiveCfg = Debug|Any CPU
		{4217E260-2F8B-4B58-8326-7C138F14070F}.Debug|Mixed Platforms.Build.0 = Debug|Any CPU
		{4217E260-2F8B-4B58-8326-7C138F14070F}.Debug|x64.ActiveCfg = Debug|Any CPU
		{4217E260-2F8B-4B58-8326-7C138F14070F}.Debug|x86.ActiveCfg = Debug|Any CPU
		{4217E260-2F8B-4B58-8326-7C138F14070F}.Debug-4.0|Any CPU.ActiveCfg = Debug|Any CPU
		{4217E260-2F8B-4B58-8326-7C138F14070F}.Debug-4.0|Any CPU.Build.0 = Debug|Any CPU
		{4217E260-2F8B-4B58-8326-7C138F14070F}.Debug-4.0|Mixed Platforms.ActiveCfg = Debug|Any CPU
		{4217E260-2F8B-4B58-8326-7C138F14070F}.Debug-4.0|Mixed Platforms.Build.0 = Debug|Any CPU
		{4217E260-2F8B-4B58-8326-7C138F14070F}.Debug-4.0|x64.ActiveCfg = Debug|Any CPU
		{4217E260-2F8B-4B58-8326-7C138F14070F}.Debug-4.0|x86.ActiveCfg = Debug|Any CPU
		{4217E260-2F8B-4B58-8326-7C138F14070F}.PerfTests|Any CPU.ActiveCfg = Release|Any CPU
		{4217E260-2F8B-4B58-8326-7C138F14070F}.PerfTests|Any CPU.Build.0 = Release|Any CPU
		{4217E260-2F8B-4B58-8326-7C138F14070F}.PerfTests|Mixed Platforms.ActiveCfg = Release|Any CPU
		{4217E260-2F8B-4B58-8326-7C138F14070F}.PerfTests|Mixed Platforms.Build.0 = Release|Any CPU
		{4217E260-2F8B-4B58-8326-7C138F14070F}.PerfTests|x64.ActiveCfg = Release|Any CPU
		{4217E260-2F8B-4B58-8326-7C138F14070F}.PerfTests|x86.ActiveCfg = Release|Any CPU
		{4217E260-2F8B-4B58-8326-7C138F14070F}.Public-4.0|Any CPU.ActiveCfg = Release|Any CPU
		{4217E260-2F8B-4B58-8326-7C138F14070F}.Public-4.0|Any CPU.Build.0 = Release|Any CPU
		{4217E260-2F8B-4B58-8326-7C138F14070F}.Public-4.0|Mixed Platforms.ActiveCfg = Release|Any CPU
		{4217E260-2F8B-4B58-8326-7C138F14070F}.Public-4.0|Mixed Platforms.Build.0 = Release|Any CPU
		{4217E260-2F8B-4B58-8326-7C138F14070F}.Public-4.0|x64.ActiveCfg = Release|Any CPU
		{4217E260-2F8B-4B58-8326-7C138F14070F}.Public-4.0|x86.ActiveCfg = Release|Any CPU
		{4217E260-2F8B-4B58-8326-7C138F14070F}.Release|Any CPU.ActiveCfg = Release|Any CPU
		{4217E260-2F8B-4B58-8326-7C138F14070F}.Release|Any CPU.Build.0 = Release|Any CPU
		{4217E260-2F8B-4B58-8326-7C138F14070F}.Release|Mixed Platforms.ActiveCfg = Release|Any CPU
		{4217E260-2F8B-4B58-8326-7C138F14070F}.Release|Mixed Platforms.Build.0 = Release|Any CPU
		{4217E260-2F8B-4B58-8326-7C138F14070F}.Release|x64.ActiveCfg = Release|x64
		{4217E260-2F8B-4B58-8326-7C138F14070F}.Release|x64.Build.0 = Release|x64
		{4217E260-2F8B-4B58-8326-7C138F14070F}.Release|x86.ActiveCfg = Release|Any CPU
		{4217E260-2F8B-4B58-8326-7C138F14070F}.Release-4.0|Any CPU.ActiveCfg = Release|Any CPU
		{4217E260-2F8B-4B58-8326-7C138F14070F}.Release-4.0|Any CPU.Build.0 = Release|Any CPU
		{4217E260-2F8B-4B58-8326-7C138F14070F}.Release-4.0|Mixed Platforms.ActiveCfg = Release|Any CPU
		{4217E260-2F8B-4B58-8326-7C138F14070F}.Release-4.0|Mixed Platforms.Build.0 = Release|Any CPU
		{4217E260-2F8B-4B58-8326-7C138F14070F}.Release-4.0|x64.ActiveCfg = Release|Any CPU
		{4217E260-2F8B-4B58-8326-7C138F14070F}.Release-4.0|x86.ActiveCfg = Release|Any CPU
		{5215654C-1325-4896-8248-2043ECC2629B}.Debug|Any CPU.ActiveCfg = Debug|Any CPU
		{5215654C-1325-4896-8248-2043ECC2629B}.Debug|Any CPU.Build.0 = Debug|Any CPU
		{5215654C-1325-4896-8248-2043ECC2629B}.Debug|Mixed Platforms.ActiveCfg = Debug|Any CPU
		{5215654C-1325-4896-8248-2043ECC2629B}.Debug|Mixed Platforms.Build.0 = Debug|Any CPU
		{5215654C-1325-4896-8248-2043ECC2629B}.Debug|x64.ActiveCfg = Debug|x64
		{5215654C-1325-4896-8248-2043ECC2629B}.Debug|x64.Build.0 = Debug|x64
		{5215654C-1325-4896-8248-2043ECC2629B}.Debug|x86.ActiveCfg = Debug|Any CPU
		{5215654C-1325-4896-8248-2043ECC2629B}.Debug-4.0|Any CPU.ActiveCfg = Debug|Any CPU
		{5215654C-1325-4896-8248-2043ECC2629B}.Debug-4.0|Any CPU.Build.0 = Debug|Any CPU
		{5215654C-1325-4896-8248-2043ECC2629B}.Debug-4.0|Mixed Platforms.ActiveCfg = Debug|Any CPU
		{5215654C-1325-4896-8248-2043ECC2629B}.Debug-4.0|Mixed Platforms.Build.0 = Debug|Any CPU
		{5215654C-1325-4896-8248-2043ECC2629B}.Debug-4.0|x64.ActiveCfg = Debug|x64
		{5215654C-1325-4896-8248-2043ECC2629B}.Debug-4.0|x64.Build.0 = Debug|x64
		{5215654C-1325-4896-8248-2043ECC2629B}.Debug-4.0|x86.ActiveCfg = Debug|Any CPU
		{5215654C-1325-4896-8248-2043ECC2629B}.PerfTests|Any CPU.ActiveCfg = Release|Any CPU
		{5215654C-1325-4896-8248-2043ECC2629B}.PerfTests|Any CPU.Build.0 = Release|Any CPU
		{5215654C-1325-4896-8248-2043ECC2629B}.PerfTests|Mixed Platforms.ActiveCfg = Release|Any CPU
		{5215654C-1325-4896-8248-2043ECC2629B}.PerfTests|Mixed Platforms.Build.0 = Release|Any CPU
		{5215654C-1325-4896-8248-2043ECC2629B}.PerfTests|x64.ActiveCfg = Release|x64
		{5215654C-1325-4896-8248-2043ECC2629B}.PerfTests|x64.Build.0 = Release|x64
		{5215654C-1325-4896-8248-2043ECC2629B}.PerfTests|x86.ActiveCfg = Release|Any CPU
		{5215654C-1325-4896-8248-2043ECC2629B}.Public-4.0|Any CPU.ActiveCfg = Release|Any CPU
		{5215654C-1325-4896-8248-2043ECC2629B}.Public-4.0|Any CPU.Build.0 = Release|Any CPU
		{5215654C-1325-4896-8248-2043ECC2629B}.Public-4.0|Mixed Platforms.ActiveCfg = Release|Any CPU
		{5215654C-1325-4896-8248-2043ECC2629B}.Public-4.0|Mixed Platforms.Build.0 = Release|Any CPU
		{5215654C-1325-4896-8248-2043ECC2629B}.Public-4.0|x64.ActiveCfg = Release|x64
		{5215654C-1325-4896-8248-2043ECC2629B}.Public-4.0|x64.Build.0 = Release|x64
		{5215654C-1325-4896-8248-2043ECC2629B}.Public-4.0|x86.ActiveCfg = Release|Any CPU
		{5215654C-1325-4896-8248-2043ECC2629B}.Release|Any CPU.ActiveCfg = Release|Any CPU
		{5215654C-1325-4896-8248-2043ECC2629B}.Release|Any CPU.Build.0 = Release|Any CPU
		{5215654C-1325-4896-8248-2043ECC2629B}.Release|Mixed Platforms.ActiveCfg = Release|Any CPU
		{5215654C-1325-4896-8248-2043ECC2629B}.Release|Mixed Platforms.Build.0 = Release|Any CPU
		{5215654C-1325-4896-8248-2043ECC2629B}.Release|x64.ActiveCfg = Release|x64
		{5215654C-1325-4896-8248-2043ECC2629B}.Release|x64.Build.0 = Release|x64
		{5215654C-1325-4896-8248-2043ECC2629B}.Release|x86.ActiveCfg = Release|Any CPU
		{5215654C-1325-4896-8248-2043ECC2629B}.Release-4.0|Any CPU.ActiveCfg = Release|Any CPU
		{5215654C-1325-4896-8248-2043ECC2629B}.Release-4.0|Any CPU.Build.0 = Release|Any CPU
		{5215654C-1325-4896-8248-2043ECC2629B}.Release-4.0|Mixed Platforms.ActiveCfg = Release|Any CPU
		{5215654C-1325-4896-8248-2043ECC2629B}.Release-4.0|Mixed Platforms.Build.0 = Release|Any CPU
		{5215654C-1325-4896-8248-2043ECC2629B}.Release-4.0|x64.ActiveCfg = Release|x64
		{5215654C-1325-4896-8248-2043ECC2629B}.Release-4.0|x64.Build.0 = Release|x64
		{5215654C-1325-4896-8248-2043ECC2629B}.Release-4.0|x86.ActiveCfg = Release|Any CPU
		{A730E43C-E9DD-47CE-8887-DA945A165EC1}.Debug|Any CPU.ActiveCfg = Debug|Any CPU
		{A730E43C-E9DD-47CE-8887-DA945A165EC1}.Debug|Any CPU.Build.0 = Debug|Any CPU
		{A730E43C-E9DD-47CE-8887-DA945A165EC1}.Debug|Mixed Platforms.ActiveCfg = Debug|Any CPU
		{A730E43C-E9DD-47CE-8887-DA945A165EC1}.Debug|Mixed Platforms.Build.0 = Debug|Any CPU
		{A730E43C-E9DD-47CE-8887-DA945A165EC1}.Debug|x64.ActiveCfg = Debug|x64
		{A730E43C-E9DD-47CE-8887-DA945A165EC1}.Debug|x64.Build.0 = Debug|x64
		{A730E43C-E9DD-47CE-8887-DA945A165EC1}.Debug|x86.ActiveCfg = Debug|Any CPU
		{A730E43C-E9DD-47CE-8887-DA945A165EC1}.Debug-4.0|Any CPU.ActiveCfg = Debug|Any CPU
		{A730E43C-E9DD-47CE-8887-DA945A165EC1}.Debug-4.0|Any CPU.Build.0 = Debug|Any CPU
		{A730E43C-E9DD-47CE-8887-DA945A165EC1}.Debug-4.0|Mixed Platforms.ActiveCfg = Debug|Any CPU
		{A730E43C-E9DD-47CE-8887-DA945A165EC1}.Debug-4.0|Mixed Platforms.Build.0 = Debug|Any CPU
		{A730E43C-E9DD-47CE-8887-DA945A165EC1}.Debug-4.0|x64.ActiveCfg = Debug|x64
		{A730E43C-E9DD-47CE-8887-DA945A165EC1}.Debug-4.0|x64.Build.0 = Debug|x64
		{A730E43C-E9DD-47CE-8887-DA945A165EC1}.Debug-4.0|x86.ActiveCfg = Debug|Any CPU
		{A730E43C-E9DD-47CE-8887-DA945A165EC1}.PerfTests|Any CPU.ActiveCfg = Release|Any CPU
		{A730E43C-E9DD-47CE-8887-DA945A165EC1}.PerfTests|Any CPU.Build.0 = Release|Any CPU
		{A730E43C-E9DD-47CE-8887-DA945A165EC1}.PerfTests|Mixed Platforms.ActiveCfg = Release|Any CPU
		{A730E43C-E9DD-47CE-8887-DA945A165EC1}.PerfTests|Mixed Platforms.Build.0 = Release|Any CPU
		{A730E43C-E9DD-47CE-8887-DA945A165EC1}.PerfTests|x64.ActiveCfg = Release|x64
		{A730E43C-E9DD-47CE-8887-DA945A165EC1}.PerfTests|x64.Build.0 = Release|x64
		{A730E43C-E9DD-47CE-8887-DA945A165EC1}.PerfTests|x86.ActiveCfg = Release|Any CPU
		{A730E43C-E9DD-47CE-8887-DA945A165EC1}.Public-4.0|Any CPU.ActiveCfg = Release|Any CPU
		{A730E43C-E9DD-47CE-8887-DA945A165EC1}.Public-4.0|Any CPU.Build.0 = Release|Any CPU
		{A730E43C-E9DD-47CE-8887-DA945A165EC1}.Public-4.0|Mixed Platforms.ActiveCfg = Release|Any CPU
		{A730E43C-E9DD-47CE-8887-DA945A165EC1}.Public-4.0|Mixed Platforms.Build.0 = Release|Any CPU
		{A730E43C-E9DD-47CE-8887-DA945A165EC1}.Public-4.0|x64.ActiveCfg = Release|x64
		{A730E43C-E9DD-47CE-8887-DA945A165EC1}.Public-4.0|x64.Build.0 = Release|x64
		{A730E43C-E9DD-47CE-8887-DA945A165EC1}.Public-4.0|x86.ActiveCfg = Release|Any CPU
		{A730E43C-E9DD-47CE-8887-DA945A165EC1}.Release|Any CPU.ActiveCfg = Release|Any CPU
		{A730E43C-E9DD-47CE-8887-DA945A165EC1}.Release|Any CPU.Build.0 = Release|Any CPU
		{A730E43C-E9DD-47CE-8887-DA945A165EC1}.Release|Mixed Platforms.ActiveCfg = Release|Any CPU
		{A730E43C-E9DD-47CE-8887-DA945A165EC1}.Release|Mixed Platforms.Build.0 = Release|Any CPU
		{A730E43C-E9DD-47CE-8887-DA945A165EC1}.Release|x64.ActiveCfg = Release|x64
		{A730E43C-E9DD-47CE-8887-DA945A165EC1}.Release|x64.Build.0 = Release|x64
		{A730E43C-E9DD-47CE-8887-DA945A165EC1}.Release|x86.ActiveCfg = Release|Any CPU
		{A730E43C-E9DD-47CE-8887-DA945A165EC1}.Release-4.0|Any CPU.ActiveCfg = Release|Any CPU
		{A730E43C-E9DD-47CE-8887-DA945A165EC1}.Release-4.0|Any CPU.Build.0 = Release|Any CPU
		{A730E43C-E9DD-47CE-8887-DA945A165EC1}.Release-4.0|Mixed Platforms.ActiveCfg = Release|Any CPU
		{A730E43C-E9DD-47CE-8887-DA945A165EC1}.Release-4.0|Mixed Platforms.Build.0 = Release|Any CPU
		{A730E43C-E9DD-47CE-8887-DA945A165EC1}.Release-4.0|x64.ActiveCfg = Release|x64
		{A730E43C-E9DD-47CE-8887-DA945A165EC1}.Release-4.0|x64.Build.0 = Release|x64
		{A730E43C-E9DD-47CE-8887-DA945A165EC1}.Release-4.0|x86.ActiveCfg = Release|Any CPU
		{97D21994-251D-4194-AF71-82C68C8C29B5}.Debug|Any CPU.ActiveCfg = Debug|Any CPU
		{97D21994-251D-4194-AF71-82C68C8C29B5}.Debug|Any CPU.Build.0 = Debug|Any CPU
		{97D21994-251D-4194-AF71-82C68C8C29B5}.Debug|Mixed Platforms.ActiveCfg = Debug|Any CPU
		{97D21994-251D-4194-AF71-82C68C8C29B5}.Debug|Mixed Platforms.Build.0 = Debug|Any CPU
		{97D21994-251D-4194-AF71-82C68C8C29B5}.Debug|x64.ActiveCfg = Debug|Any CPU
		{97D21994-251D-4194-AF71-82C68C8C29B5}.Debug|x86.ActiveCfg = Debug|Any CPU
		{97D21994-251D-4194-AF71-82C68C8C29B5}.Debug-4.0|Any CPU.ActiveCfg = Debug|Any CPU
		{97D21994-251D-4194-AF71-82C68C8C29B5}.Debug-4.0|Any CPU.Build.0 = Debug|Any CPU
		{97D21994-251D-4194-AF71-82C68C8C29B5}.Debug-4.0|Mixed Platforms.ActiveCfg = Debug|Any CPU
		{97D21994-251D-4194-AF71-82C68C8C29B5}.Debug-4.0|Mixed Platforms.Build.0 = Debug|Any CPU
		{97D21994-251D-4194-AF71-82C68C8C29B5}.Debug-4.0|x64.ActiveCfg = Debug|Any CPU
		{97D21994-251D-4194-AF71-82C68C8C29B5}.Debug-4.0|x86.ActiveCfg = Debug|Any CPU
		{97D21994-251D-4194-AF71-82C68C8C29B5}.PerfTests|Any CPU.ActiveCfg = Release|Any CPU
		{97D21994-251D-4194-AF71-82C68C8C29B5}.PerfTests|Any CPU.Build.0 = Release|Any CPU
		{97D21994-251D-4194-AF71-82C68C8C29B5}.PerfTests|Mixed Platforms.ActiveCfg = Release|Any CPU
		{97D21994-251D-4194-AF71-82C68C8C29B5}.PerfTests|Mixed Platforms.Build.0 = Release|Any CPU
		{97D21994-251D-4194-AF71-82C68C8C29B5}.PerfTests|x64.ActiveCfg = Release|Any CPU
		{97D21994-251D-4194-AF71-82C68C8C29B5}.PerfTests|x86.ActiveCfg = Release|Any CPU
		{97D21994-251D-4194-AF71-82C68C8C29B5}.Public-4.0|Any CPU.ActiveCfg = Release|Any CPU
		{97D21994-251D-4194-AF71-82C68C8C29B5}.Public-4.0|Any CPU.Build.0 = Release|Any CPU
		{97D21994-251D-4194-AF71-82C68C8C29B5}.Public-4.0|Mixed Platforms.ActiveCfg = Release|Any CPU
		{97D21994-251D-4194-AF71-82C68C8C29B5}.Public-4.0|Mixed Platforms.Build.0 = Release|Any CPU
		{97D21994-251D-4194-AF71-82C68C8C29B5}.Public-4.0|x64.ActiveCfg = Release|Any CPU
		{97D21994-251D-4194-AF71-82C68C8C29B5}.Public-4.0|x86.ActiveCfg = Release|Any CPU
		{97D21994-251D-4194-AF71-82C68C8C29B5}.Release|Any CPU.ActiveCfg = Release|Any CPU
		{97D21994-251D-4194-AF71-82C68C8C29B5}.Release|Any CPU.Build.0 = Release|Any CPU
		{97D21994-251D-4194-AF71-82C68C8C29B5}.Release|Mixed Platforms.ActiveCfg = Release|Any CPU
		{97D21994-251D-4194-AF71-82C68C8C29B5}.Release|Mixed Platforms.Build.0 = Release|Any CPU
		{97D21994-251D-4194-AF71-82C68C8C29B5}.Release|x64.ActiveCfg = Release|x64
		{97D21994-251D-4194-AF71-82C68C8C29B5}.Release|x64.Build.0 = Release|x64
		{97D21994-251D-4194-AF71-82C68C8C29B5}.Release|x86.ActiveCfg = Release|Any CPU
		{97D21994-251D-4194-AF71-82C68C8C29B5}.Release-4.0|Any CPU.ActiveCfg = Release|Any CPU
		{97D21994-251D-4194-AF71-82C68C8C29B5}.Release-4.0|Any CPU.Build.0 = Release|Any CPU
		{97D21994-251D-4194-AF71-82C68C8C29B5}.Release-4.0|Mixed Platforms.ActiveCfg = Release|Any CPU
		{97D21994-251D-4194-AF71-82C68C8C29B5}.Release-4.0|Mixed Platforms.Build.0 = Release|Any CPU
		{97D21994-251D-4194-AF71-82C68C8C29B5}.Release-4.0|x64.ActiveCfg = Release|Any CPU
		{97D21994-251D-4194-AF71-82C68C8C29B5}.Release-4.0|x86.ActiveCfg = Release|Any CPU
		{F4361CCC-8E4F-484A-9D1D-C00DA55D8BC7}.Debug|Any CPU.ActiveCfg = Debug|Any CPU
		{F4361CCC-8E4F-484A-9D1D-C00DA55D8BC7}.Debug|Any CPU.Build.0 = Debug|Any CPU
		{F4361CCC-8E4F-484A-9D1D-C00DA55D8BC7}.Debug|Mixed Platforms.ActiveCfg = Debug|Any CPU
		{F4361CCC-8E4F-484A-9D1D-C00DA55D8BC7}.Debug|Mixed Platforms.Build.0 = Debug|Any CPU
		{F4361CCC-8E4F-484A-9D1D-C00DA55D8BC7}.Debug|x64.ActiveCfg = Debug|Any CPU
		{F4361CCC-8E4F-484A-9D1D-C00DA55D8BC7}.Debug|x86.ActiveCfg = Debug|Any CPU
		{F4361CCC-8E4F-484A-9D1D-C00DA55D8BC7}.Debug-4.0|Any CPU.ActiveCfg = Debug|Any CPU
		{F4361CCC-8E4F-484A-9D1D-C00DA55D8BC7}.Debug-4.0|Any CPU.Build.0 = Debug|Any CPU
		{F4361CCC-8E4F-484A-9D1D-C00DA55D8BC7}.Debug-4.0|Mixed Platforms.ActiveCfg = Debug|Any CPU
		{F4361CCC-8E4F-484A-9D1D-C00DA55D8BC7}.Debug-4.0|Mixed Platforms.Build.0 = Debug|Any CPU
		{F4361CCC-8E4F-484A-9D1D-C00DA55D8BC7}.Debug-4.0|x64.ActiveCfg = Debug|Any CPU
		{F4361CCC-8E4F-484A-9D1D-C00DA55D8BC7}.Debug-4.0|x86.ActiveCfg = Debug|Any CPU
		{F4361CCC-8E4F-484A-9D1D-C00DA55D8BC7}.PerfTests|Any CPU.ActiveCfg = Release|Any CPU
		{F4361CCC-8E4F-484A-9D1D-C00DA55D8BC7}.PerfTests|Any CPU.Build.0 = Release|Any CPU
		{F4361CCC-8E4F-484A-9D1D-C00DA55D8BC7}.PerfTests|Mixed Platforms.ActiveCfg = Release|Any CPU
		{F4361CCC-8E4F-484A-9D1D-C00DA55D8BC7}.PerfTests|Mixed Platforms.Build.0 = Release|Any CPU
		{F4361CCC-8E4F-484A-9D1D-C00DA55D8BC7}.PerfTests|x64.ActiveCfg = Release|Any CPU
		{F4361CCC-8E4F-484A-9D1D-C00DA55D8BC7}.PerfTests|x86.ActiveCfg = Release|Any CPU
		{F4361CCC-8E4F-484A-9D1D-C00DA55D8BC7}.Public-4.0|Any CPU.ActiveCfg = Release|Any CPU
		{F4361CCC-8E4F-484A-9D1D-C00DA55D8BC7}.Public-4.0|Any CPU.Build.0 = Release|Any CPU
		{F4361CCC-8E4F-484A-9D1D-C00DA55D8BC7}.Public-4.0|Mixed Platforms.ActiveCfg = Release|Any CPU
		{F4361CCC-8E4F-484A-9D1D-C00DA55D8BC7}.Public-4.0|Mixed Platforms.Build.0 = Release|Any CPU
		{F4361CCC-8E4F-484A-9D1D-C00DA55D8BC7}.Public-4.0|x64.ActiveCfg = Release|Any CPU
		{F4361CCC-8E4F-484A-9D1D-C00DA55D8BC7}.Public-4.0|x86.ActiveCfg = Release|Any CPU
		{F4361CCC-8E4F-484A-9D1D-C00DA55D8BC7}.Release|Any CPU.ActiveCfg = Release|Any CPU
		{F4361CCC-8E4F-484A-9D1D-C00DA55D8BC7}.Release|Any CPU.Build.0 = Release|Any CPU
		{F4361CCC-8E4F-484A-9D1D-C00DA55D8BC7}.Release|Mixed Platforms.ActiveCfg = Release|Any CPU
		{F4361CCC-8E4F-484A-9D1D-C00DA55D8BC7}.Release|Mixed Platforms.Build.0 = Release|Any CPU
		{F4361CCC-8E4F-484A-9D1D-C00DA55D8BC7}.Release|x64.ActiveCfg = Release|x64
		{F4361CCC-8E4F-484A-9D1D-C00DA55D8BC7}.Release|x64.Build.0 = Release|x64
		{F4361CCC-8E4F-484A-9D1D-C00DA55D8BC7}.Release|x86.ActiveCfg = Release|Any CPU
		{F4361CCC-8E4F-484A-9D1D-C00DA55D8BC7}.Release-4.0|Any CPU.ActiveCfg = Release|Any CPU
		{F4361CCC-8E4F-484A-9D1D-C00DA55D8BC7}.Release-4.0|Any CPU.Build.0 = Release|Any CPU
		{F4361CCC-8E4F-484A-9D1D-C00DA55D8BC7}.Release-4.0|Mixed Platforms.ActiveCfg = Release|Any CPU
		{F4361CCC-8E4F-484A-9D1D-C00DA55D8BC7}.Release-4.0|Mixed Platforms.Build.0 = Release|Any CPU
		{F4361CCC-8E4F-484A-9D1D-C00DA55D8BC7}.Release-4.0|x64.ActiveCfg = Release|Any CPU
		{F4361CCC-8E4F-484A-9D1D-C00DA55D8BC7}.Release-4.0|x86.ActiveCfg = Release|Any CPU
	EndGlobalSection
	GlobalSection(SolutionProperties) = preSolution
		HideSolutionNode = FALSE
	EndGlobalSection
EndGlobal
